
Microsoft Visual Studio Solution File, Format Version 12.00
VisualStudioVersion = 12.0.30501.0
MinimumVisualStudioVersion = 12.0.30501.0
Project("{8BC9CEB8-8B4A-11D0-8D11-00A0C91BC942}") = "libgnutls", "libgnutls.vcxproj", "{6F610EE8-7F59-4191-AB88-F63843267C02}"
	ProjectSection(ProjectDependencies) = postProject
		{02B94302-23D6-43EF-8865-95CDE99D5DC2} = {02B94302-23D6-43EF-8865-95CDE99D5DC2}
		{070FEF2B-0C3F-4F33-9D3C-53C7330BF518} = {070FEF2B-0C3F-4F33-9D3C-53C7330BF518}
		{CA9A4A38-CC63-4BDB-8CFB-E058965DDA32} = {CA9A4A38-CC63-4BDB-8CFB-E058965DDA32}
		{200F3D3C-8B84-46D8-953A-6C0EBD283B5C} = {200F3D3C-8B84-46D8-953A-6C0EBD283B5C}
	EndProjectSection
EndProject
Project("{8BC9CEB8-8B4A-11D0-8D11-00A0C91BC942}") = "libgnutls_winrt", "libgnutls_winrt.vcxproj", "{AF610EE8-7F59-4191-AB88-F63843267C02}"
	ProjectSection(ProjectDependencies) = postProject
		{A2B94302-23D6-43EF-8865-95CDE99D5DC2} = {A2B94302-23D6-43EF-8865-95CDE99D5DC2}
		{A70FEF2B-0C3F-4F33-9D3C-53C7330BF518} = {A70FEF2B-0C3F-4F33-9D3C-53C7330BF518}
		{AA9A4A38-CC63-4BDB-8CFB-E058965DDA32} = {AA9A4A38-CC63-4BDB-8CFB-E058965DDA32}
		{A00F3D3C-8B84-46D8-953A-6C0EBD283B5C} = {A00F3D3C-8B84-46D8-953A-6C0EBD283B5C}
	EndProjectSection
EndProject
Project("{2150E333-8FDC-42A3-9474-1A3956D46DE8}") = "dependencies", "dependencies", "{653672DB-3E16-4696-981A-81294116434F}"
EndProject
Project("{8BC9CEB8-8B4A-11D0-8D11-00A0C91BC942}") = "libhogweed", "..\..\nettle\SMP\libhogweed.vcxproj", "{200F3D3C-8B84-46D8-953A-6C0EBD283B5C}"
	ProjectSection(ProjectDependencies) = postProject
		{02B94302-23D6-43EF-8865-95CDE99D5DC2} = {02B94302-23D6-43EF-8865-95CDE99D5DC2}
		{070FEF2B-0C3F-4F33-9D3C-53C7330BF518} = {070FEF2B-0C3F-4F33-9D3C-53C7330BF518}
	EndProjectSection
EndProject
Project("{8BC9CEB8-8B4A-11D0-8D11-00A0C91BC942}") = "libnettle", "..\..\nettle\SMP\libnettle.vcxproj", "{070FEF2B-0C3F-4F33-9D3C-53C7330BF518}"
	ProjectSection(ProjectDependencies) = postProject
		{02B94302-23D6-43EF-8865-95CDE99D5DC2} = {02B94302-23D6-43EF-8865-95CDE99D5DC2}
	EndProjectSection
EndProject
Project("{8BC9CEB8-8B4A-11D0-8D11-00A0C91BC942}") = "libgmp", "..\..\gmp\SMP\libgmp.vcxproj", "{02B94302-23D6-43EF-8865-95CDE99D5DC2}"
EndProject
Project("{8BC9CEB8-8B4A-11D0-8D11-00A0C91BC942}") = "libhogweed_winrt", "..\..\nettle\SMP\libhogweed_winrt.vcxproj", "{A00F3D3C-8B84-46D8-953A-6C0EBD283B5C}"
	ProjectSection(ProjectDependencies) = postProject
		{A2B94302-23D6-43EF-8865-95CDE99D5DC2} = {A2B94302-23D6-43EF-8865-95CDE99D5DC2}
		{A70FEF2B-0C3F-4F33-9D3C-53C7330BF518} = {A70FEF2B-0C3F-4F33-9D3C-53C7330BF518}
	EndProjectSection
EndProject
Project("{8BC9CEB8-8B4A-11D0-8D11-00A0C91BC942}") = "libnettle_winrt", "..\..\nettle\SMP\libnettle_winrt.vcxproj", "{A70FEF2B-0C3F-4F33-9D3C-53C7330BF518}"
	ProjectSection(ProjectDependencies) = postProject
		{A2B94302-23D6-43EF-8865-95CDE99D5DC2} = {A2B94302-23D6-43EF-8865-95CDE99D5DC2}
	EndProjectSection
EndProject
Project("{8BC9CEB8-8B4A-11D0-8D11-00A0C91BC942}") = "libgmp_winrt", "..\..\gmp\SMP\libgmp_winrt.vcxproj", "{A2B94302-23D6-43EF-8865-95CDE99D5DC2}"
EndProject
Project("{8BC9CEB8-8B4A-11D0-8D11-00A0C91BC942}") = "libzlib", "..\..\zlib\SMP\libzlib.vcxproj", "{CA9A4A38-CC63-4BDB-8CFB-E058965DDA32}"
EndProject
Project("{8BC9CEB8-8B4A-11D0-8D11-00A0C91BC942}") = "libzlib_winrt", "..\..\zlib\SMP\libzlib_winrt.vcxproj", "{AA9A4A38-CC63-4BDB-8CFB-E058965DDA32}"
EndProject
Global
	GlobalSection(SolutionConfigurationPlatforms) = preSolution
		Debug|x64 = Debug|x64
		Debug|x86 = Debug|x86
		DebugDLL|x64 = DebugDLL|x64
		DebugDLL|x86 = DebugDLL|x86
		DebugDLLWinRT|x64 = DebugDLLWinRT|x64
		DebugDLLWinRT|x86 = DebugDLLWinRT|x86
		DebugWinRT|x64 = DebugWinRT|x64
		DebugWinRT|x86 = DebugWinRT|x86
		Release|x64 = Release|x64
		Release|x86 = Release|x86
		ReleaseDLL|x64 = ReleaseDLL|x64
		ReleaseDLL|x86 = ReleaseDLL|x86
		ReleaseDLLStaticDeps|x64 = ReleaseDLLStaticDeps|x64
		ReleaseDLLStaticDeps|x86 = ReleaseDLLStaticDeps|x86
		ReleaseDLLWinRT|x64 = ReleaseDLLWinRT|x64
		ReleaseDLLWinRT|x86 = ReleaseDLLWinRT|x86
		ReleaseDLLWinRTStaticDeps|x64 = ReleaseDLLWinRTStaticDeps|x64
		ReleaseDLLWinRTStaticDeps|x86 = ReleaseDLLWinRTStaticDeps|x86
		ReleaseWinRT|x64 = ReleaseWinRT|x64
		ReleaseWinRT|x86 = ReleaseWinRT|x86
	EndGlobalSection
	GlobalSection(ProjectConfigurationPlatforms) = postSolution
		{6F610EE8-7F59-4191-AB88-F63843267C02}.Debug|x64.ActiveCfg = Debug|x64
		{6F610EE8-7F59-4191-AB88-F63843267C02}.Debug|x64.Build.0 = Debug|x64
		{6F610EE8-7F59-4191-AB88-F63843267C02}.Debug|x86.ActiveCfg = Debug|Win32
		{6F610EE8-7F59-4191-AB88-F63843267C02}.Debug|x86.Build.0 = Debug|Win32
		{6F610EE8-7F59-4191-AB88-F63843267C02}.DebugDLL|x64.ActiveCfg = DebugDLL|x64
		{6F610EE8-7F59-4191-AB88-F63843267C02}.DebugDLL|x64.Build.0 = DebugDLL|x64
		{6F610EE8-7F59-4191-AB88-F63843267C02}.DebugDLL|x86.ActiveCfg = DebugDLL|Win32
		{6F610EE8-7F59-4191-AB88-F63843267C02}.DebugDLL|x86.Build.0 = DebugDLL|Win32
		{6F610EE8-7F59-4191-AB88-F63843267C02}.DebugDLLWinRT|x64.ActiveCfg = DebugDLL|x64
		{6F610EE8-7F59-4191-AB88-F63843267C02}.DebugDLLWinRT|x86.ActiveCfg = DebugDLL|Win32
		{6F610EE8-7F59-4191-AB88-F63843267C02}.DebugWinRT|x64.ActiveCfg = Debug|x64
		{6F610EE8-7F59-4191-AB88-F63843267C02}.DebugWinRT|x86.ActiveCfg = Debug|Win32
		{6F610EE8-7F59-4191-AB88-F63843267C02}.Release|x64.ActiveCfg = Release|x64
		{6F610EE8-7F59-4191-AB88-F63843267C02}.Release|x64.Build.0 = Release|x64
		{6F610EE8-7F59-4191-AB88-F63843267C02}.Release|x86.ActiveCfg = Release|Win32
		{6F610EE8-7F59-4191-AB88-F63843267C02}.Release|x86.Build.0 = Release|Win32
		{6F610EE8-7F59-4191-AB88-F63843267C02}.ReleaseDLL|x64.ActiveCfg = ReleaseDLL|x64
		{6F610EE8-7F59-4191-AB88-F63843267C02}.ReleaseDLL|x64.Build.0 = ReleaseDLL|x64
		{6F610EE8-7F59-4191-AB88-F63843267C02}.ReleaseDLL|x86.ActiveCfg = ReleaseDLL|Win32
		{6F610EE8-7F59-4191-AB88-F63843267C02}.ReleaseDLL|x86.Build.0 = ReleaseDLL|Win32
		{6F610EE8-7F59-4191-AB88-F63843267C02}.ReleaseDLLStaticDeps|x64.ActiveCfg = ReleaseDLLStaticDeps|x64
		{6F610EE8-7F59-4191-AB88-F63843267C02}.ReleaseDLLStaticDeps|x64.Build.0 = ReleaseDLLStaticDeps|x64
		{6F610EE8-7F59-4191-AB88-F63843267C02}.ReleaseDLLStaticDeps|x86.ActiveCfg = ReleaseDLLStaticDeps|Win32
		{6F610EE8-7F59-4191-AB88-F63843267C02}.ReleaseDLLStaticDeps|x86.Build.0 = ReleaseDLLStaticDeps|Win32
		{6F610EE8-7F59-4191-AB88-F63843267C02}.ReleaseDLLWinRT|x64.ActiveCfg = ReleaseDLL|x64
		{6F610EE8-7F59-4191-AB88-F63843267C02}.ReleaseDLLWinRT|x86.ActiveCfg = ReleaseDLL|Win32
		{6F610EE8-7F59-4191-AB88-F63843267C02}.ReleaseDLLWinRTStaticDeps|x64.ActiveCfg = ReleaseDLLStaticDeps|x64
		{6F610EE8-7F59-4191-AB88-F63843267C02}.ReleaseDLLWinRTStaticDeps|x86.ActiveCfg = ReleaseDLLStaticDeps|Win32
		{6F610EE8-7F59-4191-AB88-F63843267C02}.ReleaseWinRT|x64.ActiveCfg = Release|x64
		{6F610EE8-7F59-4191-AB88-F63843267C02}.ReleaseWinRT|x86.ActiveCfg = Release|Win32
		{AF610EE8-7F59-4191-AB88-F63843267C02}.Debug|x64.ActiveCfg = DebugWinRT|x64
		{AF610EE8-7F59-4191-AB88-F63843267C02}.Debug|x86.ActiveCfg = DebugWinRT|Win32
		{AF610EE8-7F59-4191-AB88-F63843267C02}.DebugDLL|x64.ActiveCfg = DebugDLLWinRT|x64
		{AF610EE8-7F59-4191-AB88-F63843267C02}.DebugDLL|x86.ActiveCfg = DebugDLLWinRT|Win32
		{AF610EE8-7F59-4191-AB88-F63843267C02}.DebugDLLWinRT|x64.ActiveCfg = DebugDLLWinRT|x64
		{AF610EE8-7F59-4191-AB88-F63843267C02}.DebugDLLWinRT|x64.Build.0 = DebugDLLWinRT|x64
		{AF610EE8-7F59-4191-AB88-F63843267C02}.DebugDLLWinRT|x86.ActiveCfg = DebugDLLWinRT|Win32
		{AF610EE8-7F59-4191-AB88-F63843267C02}.DebugDLLWinRT|x86.Build.0 = DebugDLLWinRT|Win32
		{AF610EE8-7F59-4191-AB88-F63843267C02}.DebugWinRT|x64.ActiveCfg = DebugWinRT|x64
		{AF610EE8-7F59-4191-AB88-F63843267C02}.DebugWinRT|x64.Build.0 = DebugWinRT|x64
		{AF610EE8-7F59-4191-AB88-F63843267C02}.DebugWinRT|x86.ActiveCfg = DebugWinRT|Win32
		{AF610EE8-7F59-4191-AB88-F63843267C02}.DebugWinRT|x86.Build.0 = DebugWinRT|Win32
		{AF610EE8-7F59-4191-AB88-F63843267C02}.Release|x64.ActiveCfg = ReleaseWinRT|x64
		{AF610EE8-7F59-4191-AB88-F63843267C02}.Release|x86.ActiveCfg = ReleaseWinRT|Win32
		{AF610EE8-7F59-4191-AB88-F63843267C02}.ReleaseDLL|x64.ActiveCfg = ReleaseDLLWinRT|x64
		{AF610EE8-7F59-4191-AB88-F63843267C02}.ReleaseDLL|x86.ActiveCfg = ReleaseDLLWinRT|Win32
		{AF610EE8-7F59-4191-AB88-F63843267C02}.ReleaseDLLStaticDeps|x64.ActiveCfg = ReleaseDLLWinRTStaticDeps|x64
		{AF610EE8-7F59-4191-AB88-F63843267C02}.ReleaseDLLStaticDeps|x86.ActiveCfg = ReleaseDLLWinRTStaticDeps|Win32
		{AF610EE8-7F59-4191-AB88-F63843267C02}.ReleaseDLLWinRT|x64.ActiveCfg = ReleaseDLLWinRT|x64
		{AF610EE8-7F59-4191-AB88-F63843267C02}.ReleaseDLLWinRT|x64.Build.0 = ReleaseDLLWinRT|x64
		{AF610EE8-7F59-4191-AB88-F63843267C02}.ReleaseDLLWinRT|x86.ActiveCfg = ReleaseDLLWinRT|Win32
		{AF610EE8-7F59-4191-AB88-F63843267C02}.ReleaseDLLWinRT|x86.Build.0 = ReleaseDLLWinRT|Win32
		{AF610EE8-7F59-4191-AB88-F63843267C02}.ReleaseDLLWinRTStaticDeps|x64.ActiveCfg = ReleaseDLLWinRTStaticDeps|x64
		{AF610EE8-7F59-4191-AB88-F63843267C02}.ReleaseDLLWinRTStaticDeps|x64.Build.0 = ReleaseDLLWinRTStaticDeps|x64
		{AF610EE8-7F59-4191-AB88-F63843267C02}.ReleaseDLLWinRTStaticDeps|x86.ActiveCfg = ReleaseDLLWinRTStaticDeps|Win32
		{AF610EE8-7F59-4191-AB88-F63843267C02}.ReleaseDLLWinRTStaticDeps|x86.Build.0 = ReleaseDLLWinRTStaticDeps|Win32
		{AF610EE8-7F59-4191-AB88-F63843267C02}.ReleaseWinRT|x64.ActiveCfg = ReleaseWinRT|x64
		{AF610EE8-7F59-4191-AB88-F63843267C02}.ReleaseWinRT|x64.Build.0 = ReleaseWinRT|x64
		{AF610EE8-7F59-4191-AB88-F63843267C02}.ReleaseWinRT|x86.ActiveCfg = ReleaseWinRT|Win32
		{AF610EE8-7F59-4191-AB88-F63843267C02}.ReleaseWinRT|x86.Build.0 = ReleaseWinRT|Win32
		{200F3D3C-8B84-46D8-953A-6C0EBD283B5C}.Debug|x64.ActiveCfg = Debug|x64
		{200F3D3C-8B84-46D8-953A-6C0EBD283B5C}.Debug|x64.Build.0 = Debug|x64
		{200F3D3C-8B84-46D8-953A-6C0EBD283B5C}.Debug|x86.ActiveCfg = Debug|Win32
		{200F3D3C-8B84-46D8-953A-6C0EBD283B5C}.Debug|x86.Build.0 = Debug|Win32
		{200F3D3C-8B84-46D8-953A-6C0EBD283B5C}.DebugDLL|x64.ActiveCfg = DebugDLL|x64
		{200F3D3C-8B84-46D8-953A-6C0EBD283B5C}.DebugDLL|x64.Build.0 = DebugDLL|x64
		{200F3D3C-8B84-46D8-953A-6C0EBD283B5C}.DebugDLL|x86.ActiveCfg = DebugDLL|Win32
		{200F3D3C-8B84-46D8-953A-6C0EBD283B5C}.DebugDLL|x86.Build.0 = DebugDLL|Win32
		{200F3D3C-8B84-46D8-953A-6C0EBD283B5C}.DebugDLLWinRT|x64.ActiveCfg = DebugDLL|x64
		{200F3D3C-8B84-46D8-953A-6C0EBD283B5C}.DebugDLLWinRT|x86.ActiveCfg = DebugDLL|Win32
		{200F3D3C-8B84-46D8-953A-6C0EBD283B5C}.DebugWinRT|x64.ActiveCfg = Debug|x64
		{200F3D3C-8B84-46D8-953A-6C0EBD283B5C}.DebugWinRT|x86.ActiveCfg = Debug|Win32
		{200F3D3C-8B84-46D8-953A-6C0EBD283B5C}.Release|x64.ActiveCfg = Release|x64
		{200F3D3C-8B84-46D8-953A-6C0EBD283B5C}.Release|x64.Build.0 = Release|x64
		{200F3D3C-8B84-46D8-953A-6C0EBD283B5C}.Release|x86.ActiveCfg = Release|Win32
		{200F3D3C-8B84-46D8-953A-6C0EBD283B5C}.Release|x86.Build.0 = Release|Win32
		{200F3D3C-8B84-46D8-953A-6C0EBD283B5C}.ReleaseDLL|x64.ActiveCfg = ReleaseDLL|x64
		{200F3D3C-8B84-46D8-953A-6C0EBD283B5C}.ReleaseDLL|x64.Build.0 = ReleaseDLL|x64
		{200F3D3C-8B84-46D8-953A-6C0EBD283B5C}.ReleaseDLL|x86.ActiveCfg = ReleaseDLL|Win32
		{200F3D3C-8B84-46D8-953A-6C0EBD283B5C}.ReleaseDLL|x86.Build.0 = ReleaseDLL|Win32
		{200F3D3C-8B84-46D8-953A-6C0EBD283B5C}.ReleaseDLLStaticDeps|x64.ActiveCfg = Release|x64
		{200F3D3C-8B84-46D8-953A-6C0EBD283B5C}.ReleaseDLLStaticDeps|x64.Build.0 = Release|x64
		{200F3D3C-8B84-46D8-953A-6C0EBD283B5C}.ReleaseDLLStaticDeps|x86.ActiveCfg = Release|Win32
		{200F3D3C-8B84-46D8-953A-6C0EBD283B5C}.ReleaseDLLStaticDeps|x86.Build.0 = Release|Win32
		{200F3D3C-8B84-46D8-953A-6C0EBD283B5C}.ReleaseDLLWinRT|x64.ActiveCfg = ReleaseDLL|x64
		{200F3D3C-8B84-46D8-953A-6C0EBD283B5C}.ReleaseDLLWinRT|x86.ActiveCfg = ReleaseDLL|Win32
		{200F3D3C-8B84-46D8-953A-6C0EBD283B5C}.ReleaseDLLWinRTStaticDeps|x64.ActiveCfg = Release|x64
		{200F3D3C-8B84-46D8-953A-6C0EBD283B5C}.ReleaseDLLWinRTStaticDeps|x86.ActiveCfg = Release|Win32
		{200F3D3C-8B84-46D8-953A-6C0EBD283B5C}.ReleaseWinRT|x64.ActiveCfg = Release|x64
		{200F3D3C-8B84-46D8-953A-6C0EBD283B5C}.ReleaseWinRT|x86.ActiveCfg = Release|Win32
		{070FEF2B-0C3F-4F33-9D3C-53C7330BF518}.Debug|x64.ActiveCfg = Debug|x64
		{070FEF2B-0C3F-4F33-9D3C-53C7330BF518}.Debug|x64.Build.0 = Debug|x64
		{070FEF2B-0C3F-4F33-9D3C-53C7330BF518}.Debug|x86.ActiveCfg = Debug|Win32
		{070FEF2B-0C3F-4F33-9D3C-53C7330BF518}.Debug|x86.Build.0 = Debug|Win32
		{070FEF2B-0C3F-4F33-9D3C-53C7330BF518}.DebugDLL|x64.ActiveCfg = DebugDLL|x64
		{070FEF2B-0C3F-4F33-9D3C-53C7330BF518}.DebugDLL|x64.Build.0 = DebugDLL|x64
		{070FEF2B-0C3F-4F33-9D3C-53C7330BF518}.DebugDLL|x86.ActiveCfg = DebugDLL|Win32
		{070FEF2B-0C3F-4F33-9D3C-53C7330BF518}.DebugDLL|x86.Build.0 = DebugDLL|Win32
		{070FEF2B-0C3F-4F33-9D3C-53C7330BF518}.DebugDLLWinRT|x64.ActiveCfg = DebugDLL|x64
		{070FEF2B-0C3F-4F33-9D3C-53C7330BF518}.DebugDLLWinRT|x86.ActiveCfg = DebugDLL|Win32
		{070FEF2B-0C3F-4F33-9D3C-53C7330BF518}.DebugWinRT|x64.ActiveCfg = Debug|x64
		{070FEF2B-0C3F-4F33-9D3C-53C7330BF518}.DebugWinRT|x86.ActiveCfg = Debug|Win32
		{070FEF2B-0C3F-4F33-9D3C-53C7330BF518}.Release|x64.ActiveCfg = Release|x64
		{070FEF2B-0C3F-4F33-9D3C-53C7330BF518}.Release|x64.Build.0 = Release|x64
		{070FEF2B-0C3F-4F33-9D3C-53C7330BF518}.Release|x86.ActiveCfg = Release|Win32
		{070FEF2B-0C3F-4F33-9D3C-53C7330BF518}.Release|x86.Build.0 = Release|Win32
		{070FEF2B-0C3F-4F33-9D3C-53C7330BF518}.ReleaseDLL|x64.ActiveCfg = ReleaseDLL|x64
		{070FEF2B-0C3F-4F33-9D3C-53C7330BF518}.ReleaseDLL|x64.Build.0 = ReleaseDLL|x64
		{070FEF2B-0C3F-4F33-9D3C-53C7330BF518}.ReleaseDLL|x86.ActiveCfg = ReleaseDLL|Win32
		{070FEF2B-0C3F-4F33-9D3C-53C7330BF518}.ReleaseDLL|x86.Build.0 = ReleaseDLL|Win32
		{070FEF2B-0C3F-4F33-9D3C-53C7330BF518}.ReleaseDLLStaticDeps|x64.ActiveCfg = Release|x64
		{070FEF2B-0C3F-4F33-9D3C-53C7330BF518}.ReleaseDLLStaticDeps|x64.Build.0 = Release|x64
		{070FEF2B-0C3F-4F33-9D3C-53C7330BF518}.ReleaseDLLStaticDeps|x86.ActiveCfg = Release|Win32
		{070FEF2B-0C3F-4F33-9D3C-53C7330BF518}.ReleaseDLLStaticDeps|x86.Build.0 = Release|Win32
		{070FEF2B-0C3F-4F33-9D3C-53C7330BF518}.ReleaseDLLWinRT|x64.ActiveCfg = ReleaseDLL|x64
		{070FEF2B-0C3F-4F33-9D3C-53C7330BF518}.ReleaseDLLWinRT|x86.ActiveCfg = ReleaseDLL|Win32
		{070FEF2B-0C3F-4F33-9D3C-53C7330BF518}.ReleaseDLLWinRTStaticDeps|x64.ActiveCfg = Release|x64
		{070FEF2B-0C3F-4F33-9D3C-53C7330BF518}.ReleaseDLLWinRTStaticDeps|x86.ActiveCfg = Release|Win32
		{070FEF2B-0C3F-4F33-9D3C-53C7330BF518}.ReleaseWinRT|x64.ActiveCfg = Release|x64
		{070FEF2B-0C3F-4F33-9D3C-53C7330BF518}.ReleaseWinRT|x86.ActiveCfg = Release|Win32
		{02B94302-23D6-43EF-8865-95CDE99D5DC2}.Debug|x64.ActiveCfg = Debug|x64
		{02B94302-23D6-43EF-8865-95CDE99D5DC2}.Debug|x64.Build.0 = Debug|x64
		{02B94302-23D6-43EF-8865-95CDE99D5DC2}.Debug|x86.ActiveCfg = Debug|Win32
		{02B94302-23D6-43EF-8865-95CDE99D5DC2}.Debug|x86.Build.0 = Debug|Win32
		{02B94302-23D6-43EF-8865-95CDE99D5DC2}.DebugDLL|x64.ActiveCfg = DebugDLL|x64
		{02B94302-23D6-43EF-8865-95CDE99D5DC2}.DebugDLL|x64.Build.0 = DebugDLL|x64
		{02B94302-23D6-43EF-8865-95CDE99D5DC2}.DebugDLL|x86.ActiveCfg = DebugDLL|Win32
		{02B94302-23D6-43EF-8865-95CDE99D5DC2}.DebugDLL|x86.Build.0 = DebugDLL|Win32
		{02B94302-23D6-43EF-8865-95CDE99D5DC2}.DebugDLLWinRT|x64.ActiveCfg = DebugDLL|x64
		{02B94302-23D6-43EF-8865-95CDE99D5DC2}.DebugDLLWinRT|x86.ActiveCfg = DebugDLL|Win32
		{02B94302-23D6-43EF-8865-95CDE99D5DC2}.DebugWinRT|x64.ActiveCfg = Debug|x64
		{02B94302-23D6-43EF-8865-95CDE99D5DC2}.DebugWinRT|x86.ActiveCfg = Debug|Win32
		{02B94302-23D6-43EF-8865-95CDE99D5DC2}.Release|x64.ActiveCfg = Release|x64
		{02B94302-23D6-43EF-8865-95CDE99D5DC2}.Release|x64.Build.0 = Release|x64
		{02B94302-23D6-43EF-8865-95CDE99D5DC2}.Release|x86.ActiveCfg = Release|Win32
		{02B94302-23D6-43EF-8865-95CDE99D5DC2}.Release|x86.Build.0 = Release|Win32
		{02B94302-23D6-43EF-8865-95CDE99D5DC2}.ReleaseDLL|x64.ActiveCfg = ReleaseDLL|x64
		{02B94302-23D6-43EF-8865-95CDE99D5DC2}.ReleaseDLL|x64.Build.0 = ReleaseDLL|x64
		{02B94302-23D6-43EF-8865-95CDE99D5DC2}.ReleaseDLL|x86.ActiveCfg = ReleaseDLL|Win32
		{02B94302-23D6-43EF-8865-95CDE99D5DC2}.ReleaseDLL|x86.Build.0 = ReleaseDLL|Win32
		{02B94302-23D6-43EF-8865-95CDE99D5DC2}.ReleaseDLLStaticDeps|x64.ActiveCfg = Release|x64
		{02B94302-23D6-43EF-8865-95CDE99D5DC2}.ReleaseDLLStaticDeps|x64.Build.0 = Release|x64
		{02B94302-23D6-43EF-8865-95CDE99D5DC2}.ReleaseDLLStaticDeps|x86.ActiveCfg = Release|Win32
		{02B94302-23D6-43EF-8865-95CDE99D5DC2}.ReleaseDLLStaticDeps|x86.Build.0 = Release|Win32
		{02B94302-23D6-43EF-8865-95CDE99D5DC2}.ReleaseDLLWinRT|x64.ActiveCfg = ReleaseDLL|x64
		{02B94302-23D6-43EF-8865-95CDE99D5DC2}.ReleaseDLLWinRT|x86.ActiveCfg = ReleaseDLL|Win32
		{02B94302-23D6-43EF-8865-95CDE99D5DC2}.ReleaseDLLWinRTStaticDeps|x64.ActiveCfg = Release|x64
		{02B94302-23D6-43EF-8865-95CDE99D5DC2}.ReleaseDLLWinRTStaticDeps|x86.ActiveCfg = Release|Win32
		{02B94302-23D6-43EF-8865-95CDE99D5DC2}.ReleaseWinRT|x64.ActiveCfg = Release|x64
		{02B94302-23D6-43EF-8865-95CDE99D5DC2}.ReleaseWinRT|x86.ActiveCfg = Release|Win32
		{A00F3D3C-8B84-46D8-953A-6C0EBD283B5C}.Debug|x64.ActiveCfg = DebugWinRT|x64
		{A00F3D3C-8B84-46D8-953A-6C0EBD283B5C}.Debug|x86.ActiveCfg = DebugWinRT|Win32
		{A00F3D3C-8B84-46D8-953A-6C0EBD283B5C}.DebugDLL|x64.ActiveCfg = DebugDLLWinRT|x64
		{A00F3D3C-8B84-46D8-953A-6C0EBD283B5C}.DebugDLL|x86.ActiveCfg = DebugDLLWinRT|Win32
		{A00F3D3C-8B84-46D8-953A-6C0EBD283B5C}.DebugDLLWinRT|x64.ActiveCfg = DebugDLLWinRT|x64
		{A00F3D3C-8B84-46D8-953A-6C0EBD283B5C}.DebugDLLWinRT|x64.Build.0 = DebugDLLWinRT|x64
		{A00F3D3C-8B84-46D8-953A-6C0EBD283B5C}.DebugDLLWinRT|x86.ActiveCfg = DebugDLLWinRT|Win32
		{A00F3D3C-8B84-46D8-953A-6C0EBD283B5C}.DebugDLLWinRT|x86.Build.0 = DebugDLLWinRT|Win32
		{A00F3D3C-8B84-46D8-953A-6C0EBD283B5C}.DebugWinRT|x64.ActiveCfg = DebugWinRT|x64
		{A00F3D3C-8B84-46D8-953A-6C0EBD283B5C}.DebugWinRT|x64.Build.0 = DebugWinRT|x64
		{A00F3D3C-8B84-46D8-953A-6C0EBD283B5C}.DebugWinRT|x86.ActiveCfg = DebugWinRT|Win32
		{A00F3D3C-8B84-46D8-953A-6C0EBD283B5C}.DebugWinRT|x86.Build.0 = DebugWinRT|Win32
		{A00F3D3C-8B84-46D8-953A-6C0EBD283B5C}.Release|x64.ActiveCfg = ReleaseWinRT|x64
		{A00F3D3C-8B84-46D8-953A-6C0EBD283B5C}.Release|x86.ActiveCfg = ReleaseWinRT|Win32
		{A00F3D3C-8B84-46D8-953A-6C0EBD283B5C}.ReleaseDLL|x64.ActiveCfg = ReleaseDLLWinRT|x64
		{A00F3D3C-8B84-46D8-953A-6C0EBD283B5C}.ReleaseDLL|x86.ActiveCfg = ReleaseDLLWinRT|Win32
		{A00F3D3C-8B84-46D8-953A-6C0EBD283B5C}.ReleaseDLLStaticDeps|x64.ActiveCfg = ReleaseWinRT|x64
		{A00F3D3C-8B84-46D8-953A-6C0EBD283B5C}.ReleaseDLLStaticDeps|x86.ActiveCfg = ReleaseWinRT|Win32
		{A00F3D3C-8B84-46D8-953A-6C0EBD283B5C}.ReleaseDLLStaticDeps|x86.Build.0 = ReleaseWinRT|Win32
		{A00F3D3C-8B84-46D8-953A-6C0EBD283B5C}.ReleaseDLLWinRT|x64.ActiveCfg = ReleaseDLLWinRT|x64
		{A00F3D3C-8B84-46D8-953A-6C0EBD283B5C}.ReleaseDLLWinRT|x64.Build.0 = ReleaseDLLWinRT|x64
		{A00F3D3C-8B84-46D8-953A-6C0EBD283B5C}.ReleaseDLLWinRT|x86.ActiveCfg = ReleaseDLLWinRT|Win32
		{A00F3D3C-8B84-46D8-953A-6C0EBD283B5C}.ReleaseDLLWinRT|x86.Build.0 = ReleaseDLLWinRT|Win32
		{A00F3D3C-8B84-46D8-953A-6C0EBD283B5C}.ReleaseDLLWinRTStaticDeps|x64.ActiveCfg = ReleaseWinRT|x64
		{A00F3D3C-8B84-46D8-953A-6C0EBD283B5C}.ReleaseDLLWinRTStaticDeps|x64.Build.0 = ReleaseWinRT|x64
		{A00F3D3C-8B84-46D8-953A-6C0EBD283B5C}.ReleaseDLLWinRTStaticDeps|x86.ActiveCfg = ReleaseWinRT|Win32
		{A00F3D3C-8B84-46D8-953A-6C0EBD283B5C}.ReleaseDLLWinRTStaticDeps|x86.Build.0 = ReleaseWinRT|Win32
		{A00F3D3C-8B84-46D8-953A-6C0EBD283B5C}.ReleaseWinRT|x64.ActiveCfg = ReleaseWinRT|x64
		{A00F3D3C-8B84-46D8-953A-6C0EBD283B5C}.ReleaseWinRT|x64.Build.0 = ReleaseWinRT|x64
		{A00F3D3C-8B84-46D8-953A-6C0EBD283B5C}.ReleaseWinRT|x86.ActiveCfg = ReleaseWinRT|Win32
		{A00F3D3C-8B84-46D8-953A-6C0EBD283B5C}.ReleaseWinRT|x86.Build.0 = ReleaseWinRT|Win32
		{A70FEF2B-0C3F-4F33-9D3C-53C7330BF518}.Debug|x64.ActiveCfg = DebugWinRT|x64
		{A70FEF2B-0C3F-4F33-9D3C-53C7330BF518}.Debug|x86.ActiveCfg = DebugWinRT|Win32
		{A70FEF2B-0C3F-4F33-9D3C-53C7330BF518}.DebugDLL|x64.ActiveCfg = DebugDLLWinRT|x64
		{A70FEF2B-0C3F-4F33-9D3C-53C7330BF518}.DebugDLL|x86.ActiveCfg = DebugDLLWinRT|Win32
		{A70FEF2B-0C3F-4F33-9D3C-53C7330BF518}.DebugDLLWinRT|x64.ActiveCfg = DebugDLLWinRT|x64
		{A70FEF2B-0C3F-4F33-9D3C-53C7330BF518}.DebugDLLWinRT|x64.Build.0 = DebugDLLWinRT|x64
		{A70FEF2B-0C3F-4F33-9D3C-53C7330BF518}.DebugDLLWinRT|x86.ActiveCfg = DebugDLLWinRT|Win32
		{A70FEF2B-0C3F-4F33-9D3C-53C7330BF518}.DebugDLLWinRT|x86.Build.0 = DebugDLLWinRT|Win32
		{A70FEF2B-0C3F-4F33-9D3C-53C7330BF518}.DebugWinRT|x64.ActiveCfg = DebugWinRT|x64
		{A70FEF2B-0C3F-4F33-9D3C-53C7330BF518}.DebugWinRT|x64.Build.0 = DebugWinRT|x64
		{A70FEF2B-0C3F-4F33-9D3C-53C7330BF518}.DebugWinRT|x86.ActiveCfg = DebugWinRT|Win32
		{A70FEF2B-0C3F-4F33-9D3C-53C7330BF518}.DebugWinRT|x86.Build.0 = DebugWinRT|Win32
		{A70FEF2B-0C3F-4F33-9D3C-53C7330BF518}.Release|x64.ActiveCfg = ReleaseWinRT|x64
		{A70FEF2B-0C3F-4F33-9D3C-53C7330BF518}.Release|x86.ActiveCfg = ReleaseWinRT|Win32
		{A70FEF2B-0C3F-4F33-9D3C-53C7330BF518}.ReleaseDLL|x64.ActiveCfg = ReleaseDLLWinRT|x64
		{A70FEF2B-0C3F-4F33-9D3C-53C7330BF518}.ReleaseDLL|x86.ActiveCfg = ReleaseDLLWinRT|Win32
		{A70FEF2B-0C3F-4F33-9D3C-53C7330BF518}.ReleaseDLLStaticDeps|x64.ActiveCfg = ReleaseWinRT|x64
		{A70FEF2B-0C3F-4F33-9D3C-53C7330BF518}.ReleaseDLLStaticDeps|x86.ActiveCfg = ReleaseWinRT|Win32
		{A70FEF2B-0C3F-4F33-9D3C-53C7330BF518}.ReleaseDLLWinRT|x64.ActiveCfg = ReleaseDLLWinRT|x64
		{A70FEF2B-0C3F-4F33-9D3C-53C7330BF518}.ReleaseDLLWinRT|x64.Build.0 = ReleaseDLLWinRT|x64
		{A70FEF2B-0C3F-4F33-9D3C-53C7330BF518}.ReleaseDLLWinRT|x86.ActiveCfg = ReleaseDLLWinRT|Win32
		{A70FEF2B-0C3F-4F33-9D3C-53C7330BF518}.ReleaseDLLWinRT|x86.Build.0 = ReleaseDLLWinRT|Win32
		{A70FEF2B-0C3F-4F33-9D3C-53C7330BF518}.ReleaseDLLWinRTStaticDeps|x64.ActiveCfg = ReleaseWinRT|x64
		{A70FEF2B-0C3F-4F33-9D3C-53C7330BF518}.ReleaseDLLWinRTStaticDeps|x64.Build.0 = ReleaseWinRT|x64
		{A70FEF2B-0C3F-4F33-9D3C-53C7330BF518}.ReleaseDLLWinRTStaticDeps|x86.ActiveCfg = ReleaseWinRT|Win32
		{A70FEF2B-0C3F-4F33-9D3C-53C7330BF518}.ReleaseDLLWinRTStaticDeps|x86.Build.0 = ReleaseWinRT|Win32
		{A70FEF2B-0C3F-4F33-9D3C-53C7330BF518}.ReleaseWinRT|x64.ActiveCfg = ReleaseWinRT|x64
		{A70FEF2B-0C3F-4F33-9D3C-53C7330BF518}.ReleaseWinRT|x64.Build.0 = ReleaseWinRT|x64
		{A70FEF2B-0C3F-4F33-9D3C-53C7330BF518}.ReleaseWinRT|x86.ActiveCfg = ReleaseWinRT|Win32
		{A70FEF2B-0C3F-4F33-9D3C-53C7330BF518}.ReleaseWinRT|x86.Build.0 = ReleaseWinRT|Win32
		{A2B94302-23D6-43EF-8865-95CDE99D5DC2}.Debug|x64.ActiveCfg = DebugWinRT|x64
		{A2B94302-23D6-43EF-8865-95CDE99D5DC2}.Debug|x86.ActiveCfg = DebugWinRT|Win32
		{A2B94302-23D6-43EF-8865-95CDE99D5DC2}.DebugDLL|x64.ActiveCfg = DebugDLLWinRT|x64
		{A2B94302-23D6-43EF-8865-95CDE99D5DC2}.DebugDLL|x86.ActiveCfg = DebugDLLWinRT|Win32
		{A2B94302-23D6-43EF-8865-95CDE99D5DC2}.DebugDLLWinRT|x64.ActiveCfg = DebugDLLWinRT|x64
		{A2B94302-23D6-43EF-8865-95CDE99D5DC2}.DebugDLLWinRT|x64.Build.0 = DebugDLLWinRT|x64
		{A2B94302-23D6-43EF-8865-95CDE99D5DC2}.DebugDLLWinRT|x86.ActiveCfg = DebugDLLWinRT|Win32
		{A2B94302-23D6-43EF-8865-95CDE99D5DC2}.DebugDLLWinRT|x86.Build.0 = DebugDLLWinRT|Win32
		{A2B94302-23D6-43EF-8865-95CDE99D5DC2}.DebugWinRT|x64.ActiveCfg = DebugWinRT|x64
		{A2B94302-23D6-43EF-8865-95CDE99D5DC2}.DebugWinRT|x64.Build.0 = DebugWinRT|x64
		{A2B94302-23D6-43EF-8865-95CDE99D5DC2}.DebugWinRT|x86.ActiveCfg = DebugWinRT|Win32
		{A2B94302-23D6-43EF-8865-95CDE99D5DC2}.DebugWinRT|x86.Build.0 = DebugWinRT|Win32
		{A2B94302-23D6-43EF-8865-95CDE99D5DC2}.Release|x64.ActiveCfg = ReleaseWinRT|x64
		{A2B94302-23D6-43EF-8865-95CDE99D5DC2}.Release|x86.ActiveCfg = ReleaseWinRT|Win32
		{A2B94302-23D6-43EF-8865-95CDE99D5DC2}.ReleaseDLL|x64.ActiveCfg = ReleaseDLLWinRT|x64
		{A2B94302-23D6-43EF-8865-95CDE99D5DC2}.ReleaseDLL|x86.ActiveCfg = ReleaseDLLWinRT|Win32
		{A2B94302-23D6-43EF-8865-95CDE99D5DC2}.ReleaseDLLStaticDeps|x64.ActiveCfg = ReleaseWinRT|x64
		{A2B94302-23D6-43EF-8865-95CDE99D5DC2}.ReleaseDLLStaticDeps|x86.ActiveCfg = ReleaseWinRT|Win32
		{A2B94302-23D6-43EF-8865-95CDE99D5DC2}.ReleaseDLLWinRT|x64.ActiveCfg = ReleaseDLLWinRT|x64
		{A2B94302-23D6-43EF-8865-95CDE99D5DC2}.ReleaseDLLWinRT|x64.Build.0 = ReleaseDLLWinRT|x64
		{A2B94302-23D6-43EF-8865-95CDE99D5DC2}.ReleaseDLLWinRT|x86.ActiveCfg = ReleaseDLLWinRT|Win32
		{A2B94302-23D6-43EF-8865-95CDE99D5DC2}.ReleaseDLLWinRT|x86.Build.0 = ReleaseDLLWinRT|Win32
		{A2B94302-23D6-43EF-8865-95CDE99D5DC2}.ReleaseDLLWinRTStaticDeps|x64.ActiveCfg = ReleaseWinRT|x64
		{A2B94302-23D6-43EF-8865-95CDE99D5DC2}.ReleaseDLLWinRTStaticDeps|x64.Build.0 = ReleaseWinRT|x64
		{A2B94302-23D6-43EF-8865-95CDE99D5DC2}.ReleaseDLLWinRTStaticDeps|x86.ActiveCfg = ReleaseWinRT|Win32
		{A2B94302-23D6-43EF-8865-95CDE99D5DC2}.ReleaseDLLWinRTStaticDeps|x86.Build.0 = ReleaseWinRT|Win32
		{A2B94302-23D6-43EF-8865-95CDE99D5DC2}.ReleaseWinRT|x64.ActiveCfg = ReleaseWinRT|x64
		{A2B94302-23D6-43EF-8865-95CDE99D5DC2}.ReleaseWinRT|x64.Build.0 = ReleaseWinRT|x64
		{A2B94302-23D6-43EF-8865-95CDE99D5DC2}.ReleaseWinRT|x86.ActiveCfg = ReleaseWinRT|Win32
		{A2B94302-23D6-43EF-8865-95CDE99D5DC2}.ReleaseWinRT|x86.Build.0 = ReleaseWinRT|Win32
		{CA9A4A38-CC63-4BDB-8CFB-E058965DDA32}.Debug|x64.ActiveCfg = Debug|x64
		{CA9A4A38-CC63-4BDB-8CFB-E058965DDA32}.Debug|x64.Build.0 = Debug|x64
		{CA9A4A38-CC63-4BDB-8CFB-E058965DDA32}.Debug|x86.ActiveCfg = Debug|Win32
		{CA9A4A38-CC63-4BDB-8CFB-E058965DDA32}.Debug|x86.Build.0 = Debug|Win32
		{CA9A4A38-CC63-4BDB-8CFB-E058965DDA32}.DebugDLL|x64.ActiveCfg = DebugDLL|x64
		{CA9A4A38-CC63-4BDB-8CFB-E058965DDA32}.DebugDLL|x64.Build.0 = DebugDLL|x64
		{CA9A4A38-CC63-4BDB-8CFB-E058965DDA32}.DebugDLL|x86.ActiveCfg = DebugDLL|Win32
		{CA9A4A38-CC63-4BDB-8CFB-E058965DDA32}.DebugDLL|x86.Build.0 = DebugDLL|Win32
		{CA9A4A38-CC63-4BDB-8CFB-E058965DDA32}.DebugDLLWinRT|x64.ActiveCfg = DebugDLL|x64
		{CA9A4A38-CC63-4BDB-8CFB-E058965DDA32}.DebugDLLWinRT|x86.ActiveCfg = DebugDLL|Win32
		{CA9A4A38-CC63-4BDB-8CFB-E058965DDA32}.DebugWinRT|x64.ActiveCfg = Debug|x64
		{CA9A4A38-CC63-4BDB-8CFB-E058965DDA32}.DebugWinRT|x86.ActiveCfg = Debug|Win32
		{CA9A4A38-CC63-4BDB-8CFB-E058965DDA32}.Release|x64.ActiveCfg = Release|x64
		{CA9A4A38-CC63-4BDB-8CFB-E058965DDA32}.Release|x64.Build.0 = Release|x64
		{CA9A4A38-CC63-4BDB-8CFB-E058965DDA32}.Release|x86.ActiveCfg = Release|Win32
		{CA9A4A38-CC63-4BDB-8CFB-E058965DDA32}.Release|x86.Build.0 = Release|Win32
		{CA9A4A38-CC63-4BDB-8CFB-E058965DDA32}.ReleaseDLL|x64.ActiveCfg = ReleaseDLL|x64
		{CA9A4A38-CC63-4BDB-8CFB-E058965DDA32}.ReleaseDLL|x64.Build.0 = ReleaseDLL|x64
		{CA9A4A38-CC63-4BDB-8CFB-E058965DDA32}.ReleaseDLL|x86.ActiveCfg = ReleaseDLL|Win32
		{CA9A4A38-CC63-4BDB-8CFB-E058965DDA32}.ReleaseDLL|x86.Build.0 = ReleaseDLL|Win32
		{CA9A4A38-CC63-4BDB-8CFB-E058965DDA32}.ReleaseDLLStaticDeps|x64.ActiveCfg = Release|x64
		{CA9A4A38-CC63-4BDB-8CFB-E058965DDA32}.ReleaseDLLStaticDeps|x64.Build.0 = Release|x64
		{CA9A4A38-CC63-4BDB-8CFB-E058965DDA32}.ReleaseDLLStaticDeps|x86.ActiveCfg = Release|Win32
		{CA9A4A38-CC63-4BDB-8CFB-E058965DDA32}.ReleaseDLLStaticDeps|x86.Build.0 = Release|Win32
		{CA9A4A38-CC63-4BDB-8CFB-E058965DDA32}.ReleaseDLLWinRT|x64.ActiveCfg = ReleaseDLL|x64
		{CA9A4A38-CC63-4BDB-8CFB-E058965DDA32}.ReleaseDLLWinRT|x86.ActiveCfg = ReleaseDLL|Win32
		{CA9A4A38-CC63-4BDB-8CFB-E058965DDA32}.ReleaseDLLWinRTStaticDeps|x64.ActiveCfg = Release|x64
		{CA9A4A38-CC63-4BDB-8CFB-E058965DDA32}.ReleaseDLLWinRTStaticDeps|x86.ActiveCfg = Release|Win32
		{CA9A4A38-CC63-4BDB-8CFB-E058965DDA32}.ReleaseWinRT|x64.ActiveCfg = Release|x64
		{CA9A4A38-CC63-4BDB-8CFB-E058965DDA32}.ReleaseWinRT|x86.ActiveCfg = Release|Win32
		{AA9A4A38-CC63-4BDB-8CFB-E058965DDA32}.Debug|x64.ActiveCfg = DebugWinRT|x64
		{AA9A4A38-CC63-4BDB-8CFB-E058965DDA32}.Debug|x86.ActiveCfg = DebugWinRT|Win32
		{AA9A4A38-CC63-4BDB-8CFB-E058965DDA32}.DebugDLL|x64.ActiveCfg = DebugDLLWinRT|x64
		{AA9A4A38-CC63-4BDB-8CFB-E058965DDA32}.DebugDLL|x86.ActiveCfg = DebugDLLWinRT|Win32
		{AA9A4A38-CC63-4BDB-8CFB-E058965DDA32}.DebugDLLWinRT|x64.ActiveCfg = DebugDLLWinRT|x64
		{AA9A4A38-CC63-4BDB-8CFB-E058965DDA32}.DebugDLLWinRT|x64.Build.0 = DebugDLLWinRT|x64
		{AA9A4A38-CC63-4BDB-8CFB-E058965DDA32}.DebugDLLWinRT|x86.ActiveCfg = DebugDLLWinRT|Win32
		{AA9A4A38-CC63-4BDB-8CFB-E058965DDA32}.DebugDLLWinRT|x86.Build.0 = DebugDLLWinRT|Win32
		{AA9A4A38-CC63-4BDB-8CFB-E058965DDA32}.DebugWinRT|x64.ActiveCfg = DebugWinRT|x64
		{AA9A4A38-CC63-4BDB-8CFB-E058965DDA32}.DebugWinRT|x64.Build.0 = DebugWinRT|x64
		{AA9A4A38-CC63-4BDB-8CFB-E058965DDA32}.DebugWinRT|x86.ActiveCfg = DebugWinRT|Win32
		{AA9A4A38-CC63-4BDB-8CFB-E058965DDA32}.DebugWinRT|x86.Build.0 = DebugWinRT|Win32
		{AA9A4A38-CC63-4BDB-8CFB-E058965DDA32}.Release|x64.ActiveCfg = ReleaseWinRT|x64
		{AA9A4A38-CC63-4BDB-8CFB-E058965DDA32}.Release|x86.ActiveCfg = ReleaseWinRT|Win32
		{AA9A4A38-CC63-4BDB-8CFB-E058965DDA32}.ReleaseDLL|x64.ActiveCfg = ReleaseDLLWinRT|x64
		{AA9A4A38-CC63-4BDB-8CFB-E058965DDA32}.ReleaseDLL|x86.ActiveCfg = ReleaseDLLWinRT|Win32
		{AA9A4A38-CC63-4BDB-8CFB-E058965DDA32}.ReleaseDLLStaticDeps|x64.ActiveCfg = ReleaseWinRT|x64
		{AA9A4A38-CC63-4BDB-8CFB-E058965DDA32}.ReleaseDLLStaticDeps|x86.ActiveCfg = ReleaseWinRT|Win32
		{AA9A4A38-CC63-4BDB-8CFB-E058965DDA32}.ReleaseDLLWinRT|x64.ActiveCfg = ReleaseDLLWinRT|x64
		{AA9A4A38-CC63-4BDB-8CFB-E058965DDA32}.ReleaseDLLWinRT|x64.Build.0 = ReleaseDLLWinRT|x64
		{AA9A4A38-CC63-4BDB-8CFB-E058965DDA32}.ReleaseDLLWinRT|x86.ActiveCfg = ReleaseDLLWinRT|Win32
		{AA9A4A38-CC63-4BDB-8CFB-E058965DDA32}.ReleaseDLLWinRT|x86.Build.0 = ReleaseDLLWinRT|Win32
		{AA9A4A38-CC63-4BDB-8CFB-E058965DDA32}.ReleaseDLLWinRTStaticDeps|x64.ActiveCfg = ReleaseWinRT|x64
		{AA9A4A38-CC63-4BDB-8CFB-E058965DDA32}.ReleaseDLLWinRTStaticDeps|x64.Build.0 = ReleaseWinRT|x64
		{AA9A4A38-CC63-4BDB-8CFB-E058965DDA32}.ReleaseDLLWinRTStaticDeps|x86.ActiveCfg = ReleaseWinRT|Win32
		{AA9A4A38-CC63-4BDB-8CFB-E058965DDA32}.ReleaseDLLWinRTStaticDeps|x86.Build.0 = ReleaseWinRT|Win32
		{AA9A4A38-CC63-4BDB-8CFB-E058965DDA32}.ReleaseWinRT|x64.ActiveCfg = ReleaseWinRT|x64
		{AA9A4A38-CC63-4BDB-8CFB-E058965DDA32}.ReleaseWinRT|x64.Build.0 = ReleaseWinRT|x64
		{AA9A4A38-CC63-4BDB-8CFB-E058965DDA32}.ReleaseWinRT|x86.ActiveCfg = ReleaseWinRT|Win32
		{AA9A4A38-CC63-4BDB-8CFB-E058965DDA32}.ReleaseWinRT|x86.Build.0 = ReleaseWinRT|Win32
	EndGlobalSection
	GlobalSection(SolutionProperties) = preSolution
		HideSolutionNode = FALSE
	EndGlobalSection
	GlobalSection(NestedProjects) = preSolution
		{200F3D3C-8B84-46D8-953A-6C0EBD283B5C} = {653672DB-3E16-4696-981A-81294116434F}
		{070FEF2B-0C3F-4F33-9D3C-53C7330BF518} = {653672DB-3E16-4696-981A-81294116434F}
		{02B94302-23D6-43EF-8865-95CDE99D5DC2} = {653672DB-3E16-4696-981A-81294116434F}
		{A00F3D3C-8B84-46D8-953A-6C0EBD283B5C} = {653672DB-3E16-4696-981A-81294116434F}
		{A70FEF2B-0C3F-4F33-9D3C-53C7330BF518} = {653672DB-3E16-4696-981A-81294116434F}
		{A2B94302-23D6-43EF-8865-95CDE99D5DC2} = {653672DB-3E16-4696-981A-81294116434F}
		{CA9A4A38-CC63-4BDB-8CFB-E058965DDA32} = {653672DB-3E16-4696-981A-81294116434F}
		{AA9A4A38-CC63-4BDB-8CFB-E058965DDA32} = {653672DB-3E16-4696-981A-81294116434F}
	EndGlobalSection
	GlobalSection(ExtensibilityGlobals) = postSolution
		SolutionGuid = {6F4F3350-FEED-4F41-B13B-4ABF136DF834}
	EndGlobalSection
EndGlobal
