<?xml version="1.0" encoding="utf-8"?>
<Project ToolsVersion="4.0" xmlns="http://schemas.microsoft.com/developer/msbuild/2003">
  <ItemGroup>
    <Filter Include="Header Files">
      <UniqueIdentifier>{e850f24d-093f-4c30-a99c-413a7dfa71b8}</UniqueIdentifier>
    </Filter>
    <Filter Include="Resource Files">
      <UniqueIdentifier>{f18cd969-acc3-480c-9147-ea3ae1c8ba92}</UniqueIdentifier>
    </Filter>
    <Filter Include="Source Files">
      <UniqueIdentifier>{bdd0568e-d423-4fcc-affe-6ba0c2a40f78}</UniqueIdentifier>
    </Filter>
    <Filter Include="Header Files\lib">
      <UniqueIdentifier>{846a84d9-f6ed-42fa-b50c-2f7863cb6f59}</UniqueIdentifier>
    </Filter>
    <Filter Include="Source Files\lib">
      <UniqueIdentifier>{71e41116-0a7f-426b-ac4c-8171392cfb42}</UniqueIdentifier>
    </Filter>
    <Filter Include="Source Files\lib\x509">
      <UniqueIdentifier>{1e36f4d1-6f20-4d58-943b-cea4ad43176a}</UniqueIdentifier>
    </Filter>
    <Filter Include="Header Files\lib\x509">
      <UniqueIdentifier>{6bc6970b-1b78-4be2-9533-f22a0e1c4e4f}</UniqueIdentifier>
    </Filter>
    <Filter Include="Source Files\lib\accelerated">
      <UniqueIdentifier>{cacc9806-9bcd-4062-804c-4944b45f0633}</UniqueIdentifier>
    </Filter>
    <Filter Include="Header Files\lib\accelerated">
      <UniqueIdentifier>{6687ddd2-a384-4b88-b6f1-6d8ebb43f65f}</UniqueIdentifier>
    </Filter>
    <Filter Include="Source Files\lib\auth">
      <UniqueIdentifier>{37a0ca08-651d-420d-97c6-9c577325bdbd}</UniqueIdentifier>
    </Filter>
    <Filter Include="Header Files\lib\auth">
      <UniqueIdentifier>{dea014de-cf7e-464e-aa39-96603d49a936}</UniqueIdentifier>
    </Filter>
    <Filter Include="Source Files\lib\ext">
      <UniqueIdentifier>{17cfe271-8110-465e-b2b0-b2a7731203fc}</UniqueIdentifier>
    </Filter>
    <Filter Include="Header Files\lib\ext">
      <UniqueIdentifier>{6c654e49-dc39-45e3-bb25-88a1d6df16c1}</UniqueIdentifier>
    </Filter>
    <Filter Include="Source Files\lib\algorithms">
      <UniqueIdentifier>{3ff047f2-7e65-4a3f-8cf6-9f1cabb20c9d}</UniqueIdentifier>
    </Filter>
    <Filter Include="Source Files\lib\extras">
      <UniqueIdentifier>{e0df656e-9c3c-41cc-8c76-e066482dd266}</UniqueIdentifier>
    </Filter>
    <Filter Include="Header Files\lib\extras">
      <UniqueIdentifier>{d11cb355-4d28-468c-a771-99d8caaa37b8}</UniqueIdentifier>
    </Filter>
    <Filter Include="Source Files\lib\minitasn1">
      <UniqueIdentifier>{ea53b459-c726-4e60-ae2a-e8b1942d1e04}</UniqueIdentifier>
    </Filter>
    <Filter Include="Header Files\lib\minitasn1">
      <UniqueIdentifier>{0b42137d-60dd-4225-89f7-04f9c16bc03f}</UniqueIdentifier>
    </Filter>
    <Filter Include="Source Files\lib\opencdk">
      <UniqueIdentifier>{cc03ac66-1990-4d16-8f87-823bc4a4c96b}</UniqueIdentifier>
    </Filter>
    <Filter Include="Header Files\lib\opencdk">
      <UniqueIdentifier>{a716acb9-1d19-4901-b51d-e8491cd6b1cd}</UniqueIdentifier>
    </Filter>
    <Filter Include="Source Files\lib\openpgp">
      <UniqueIdentifier>{e70542c5-cda4-4ed1-a384-304cb1be8636}</UniqueIdentifier>
    </Filter>
    <Filter Include="Header Files\lib\openpgp">
      <UniqueIdentifier>{801859ed-a82a-4425-bc41-853a3e36c91f}</UniqueIdentifier>
    </Filter>
    <Filter Include="Header Files\lib\nettle">
      <UniqueIdentifier>{1d37e53c-2b42-4c10-b915-8d5ea32ad5b8}</UniqueIdentifier>
    </Filter>
    <Filter Include="Source Files\lib\nettle">
      <UniqueIdentifier>{5f3f5aa7-e3c3-4b10-bcfd-e57affb22689}</UniqueIdentifier>
    </Filter>
    <Filter Include="Header Files\lib\includes">
      <UniqueIdentifier>{8196ba47-8e25-4785-84b7-5585d48180f0}</UniqueIdentifier>
    </Filter>
    <Filter Include="Header Files\lib\includes\gnutls">
      <UniqueIdentifier>{a627b137-991b-4990-b694-a9b2d2c653a5}</UniqueIdentifier>
    </Filter>
    <Filter Include="Source Files\gl">
      <UniqueIdentifier>{f35f5731-aedc-4518-a473-6d2cb214104d}</UniqueIdentifier>
    </Filter>
    <Filter Include="Source Files\lib\accelerated\x86">
      <UniqueIdentifier>{075c40f2-5cd7-4fd6-8eed-4d712901d635}</UniqueIdentifier>
    </Filter>
    <Filter Include="Header Files\lib\accelerated\x86">
      <UniqueIdentifier>{c5ee836d-4b0b-49bc-873a-28ceb87a5faa}</UniqueIdentifier>
    </Filter>
    <Filter Include="Source Files\lib\accelerated\x86\coff">
      <UniqueIdentifier>{8c3b1839-8bb4-46d1-9a23-50782c575e2b}</UniqueIdentifier>
    </Filter>
    <Filter Include="Source Files\lib\system">
      <UniqueIdentifier>{76aa5080-e372-4c96-a1c7-83f54eb77073}</UniqueIdentifier>
    </Filter>
    <Filter Include="Source Files\lib\nettle\int">
      <UniqueIdentifier>{b4e1b395-c5b4-4cca-bf0c-8b2dd4d759d6}</UniqueIdentifier>
    </Filter>
    <Filter Include="Header Files\lib\nettle\int">
      <UniqueIdentifier>{10367618-d480-419d-a5fe-8ec68eb12027}</UniqueIdentifier>
    </Filter>
    <Filter Include="Source Files\lib\unistring">
      <UniqueIdentifier>{abc680d5-b39e-4f85-87c0-e0aa59d89e9f}</UniqueIdentifier>
    </Filter>
    <Filter Include="Source Files\lib\unistring\unictype">
      <UniqueIdentifier>{b9ad9166-4729-4357-995d-373469886c60}</UniqueIdentifier>
    </Filter>
    <Filter Include="Source Files\lib\unistring\uninorm">
      <UniqueIdentifier>{fd64761c-61cb-4651-be22-593c83c644d5}</UniqueIdentifier>
    </Filter>
    <Filter Include="Source Files\lib\unistring\unistr">
      <UniqueIdentifier>{ad287a87-3bf8-43f1-bc30-847e503bab04}</UniqueIdentifier>
    </Filter>
    <Filter Include="Header Files\lib\unistring">
      <UniqueIdentifier>{5a6accd0-2489-4547-87f7-47aa7007346e}</UniqueIdentifier>
    </Filter>
    <Filter Include="Header Files\lib\unistring\unicase">
      <UniqueIdentifier>{73e37f29-8dea-41f2-a47c-b7c615301f3f}</UniqueIdentifier>
    </Filter>
    <Filter Include="Header Files\lib\unistring\unictype">
      <UniqueIdentifier>{cec5d9f9-5fa1-4465-b15c-90bc17c739c3}</UniqueIdentifier>
    </Filter>
    <Filter Include="Header Files\lib\unistring\uninorm">
      <UniqueIdentifier>{9fdad55e-e7bb-48d5-b9bb-69e4a0a05bdc}</UniqueIdentifier>
    </Filter>
    <Filter Include="Header Files\lib\unistring\unistring">
      <UniqueIdentifier>{61d0ba14-cae2-4b4d-ba92-1e608145d2aa}</UniqueIdentifier>
    </Filter>
  </ItemGroup>
  <ItemGroup>
    <ClInclude Include="config.h">
      <Filter>Header Files</Filter>
    </ClInclude>
    <ClInclude Include="..\lib\includes\gnutls\ocsp.h">
      <Filter>Header Files\lib\includes\gnutls</Filter>
    </ClInclude>
    <ClInclude Include="..\lib\includes\gnutls\openpgp.h">
      <Filter>Header Files\lib\includes\gnutls</Filter>
    </ClInclude>
    <ClInclude Include="..\lib\includes\gnutls\pkcs11.h">
      <Filter>Header Files\lib\includes\gnutls</Filter>
    </ClInclude>
    <ClInclude Include="..\lib\includes\gnutls\pkcs12.h">
      <Filter>Header Files\lib\includes\gnutls</Filter>
    </ClInclude>
    <ClInclude Include="..\lib\includes\gnutls\tpm.h">
      <Filter>Header Files\lib\includes\gnutls</Filter>
    </ClInclude>
    <ClInclude Include="..\lib\includes\gnutls\x509.h">
      <Filter>Header Files\lib\includes\gnutls</Filter>
    </ClInclude>
    <ClInclude Include="..\lib\includes\gnutls\abstract.h">
      <Filter>Header Files\lib\includes\gnutls</Filter>
    </ClInclude>
    <ClInclude Include="..\lib\includes\gnutls\compat.h">
      <Filter>Header Files\lib\includes\gnutls</Filter>
    </ClInclude>
    <ClInclude Include="..\lib\includes\gnutls\crypto.h">
      <Filter>Header Files\lib\includes\gnutls</Filter>
    </ClInclude>
    <ClInclude Include="..\lib\includes\gnutls\dtls.h">
      <Filter>Header Files\lib\includes\gnutls</Filter>
    </ClInclude>
    <ClInclude Include="..\lib\x509\common.h">
      <Filter>Header Files\lib\x509</Filter>
    </ClInclude>
    <ClInclude Include="..\lib\x509\verify-high.h">
      <Filter>Header Files\lib\x509</Filter>
    </ClInclude>
    <ClInclude Include="..\lib\x509\x509_int.h">
      <Filter>Header Files\lib\x509</Filter>
    </ClInclude>
    <ClInclude Include="..\lib\accelerated\cryptodev.h">
      <Filter>Header Files\lib\accelerated</Filter>
    </ClInclude>
    <ClInclude Include="..\lib\accelerated\accelerated.h">
      <Filter>Header Files\lib\accelerated</Filter>
    </ClInclude>
    <ClInclude Include="..\lib\auth\anon.h">
      <Filter>Header Files\lib\auth</Filter>
    </ClInclude>
    <ClInclude Include="..\lib\auth\cert.h">
      <Filter>Header Files\lib\auth</Filter>
    </ClInclude>
    <ClInclude Include="..\lib\auth\dh_common.h">
      <Filter>Header Files\lib\auth</Filter>
    </ClInclude>
    <ClInclude Include="..\lib\auth\ecdhe.h">
      <Filter>Header Files\lib\auth</Filter>
    </ClInclude>
    <ClInclude Include="..\lib\auth\psk.h">
      <Filter>Header Files\lib\auth</Filter>
    </ClInclude>
    <ClInclude Include="..\lib\auth\psk_passwd.h">
      <Filter>Header Files\lib\auth</Filter>
    </ClInclude>
    <ClInclude Include="..\lib\auth\rsa_common.h">
      <Filter>Header Files\lib\auth</Filter>
    </ClInclude>
    <ClInclude Include="..\lib\auth\srp_passwd.h">
      <Filter>Header Files\lib\auth</Filter>
    </ClInclude>
    <ClInclude Include="..\lib\ext\alpn.h">
      <Filter>Header Files\lib\ext</Filter>
    </ClInclude>
    <ClInclude Include="..\lib\ext\cert_type.h">
      <Filter>Header Files\lib\ext</Filter>
    </ClInclude>
    <ClInclude Include="..\lib\ext\dumbfw.h">
      <Filter>Header Files\lib\ext</Filter>
    </ClInclude>
    <ClInclude Include="..\lib\ext\ecc.h">
      <Filter>Header Files\lib\ext</Filter>
    </ClInclude>
    <ClInclude Include="..\lib\ext\heartbeat.h">
      <Filter>Header Files\lib\ext</Filter>
    </ClInclude>
    <ClInclude Include="..\lib\ext\max_record.h">
      <Filter>Header Files\lib\ext</Filter>
    </ClInclude>
    <ClInclude Include="..\lib\ext\safe_renegotiation.h">
      <Filter>Header Files\lib\ext</Filter>
    </ClInclude>
    <ClInclude Include="..\lib\ext\server_name.h">
      <Filter>Header Files\lib\ext</Filter>
    </ClInclude>
    <ClInclude Include="..\lib\ext\session_ticket.h">
      <Filter>Header Files\lib\ext</Filter>
    </ClInclude>
    <ClInclude Include="..\lib\ext\signature.h">
      <Filter>Header Files\lib\ext</Filter>
    </ClInclude>
    <ClInclude Include="..\lib\ext\srp.h">
      <Filter>Header Files\lib\ext</Filter>
    </ClInclude>
    <ClInclude Include="..\lib\ext\srtp.h">
      <Filter>Header Files\lib\ext</Filter>
    </ClInclude>
    <ClInclude Include="..\lib\ext\status_request.h">
      <Filter>Header Files\lib\ext</Filter>
    </ClInclude>
    <ClInclude Include="..\lib\extras\randomart.h">
      <Filter>Header Files\lib\extras</Filter>
    </ClInclude>
    <ClInclude Include="..\lib\minitasn1\element.h">
      <Filter>Header Files\lib\minitasn1</Filter>
    </ClInclude>
    <ClInclude Include="..\lib\minitasn1\gstr.h">
      <Filter>Header Files\lib\minitasn1</Filter>
    </ClInclude>
    <ClInclude Include="..\lib\minitasn1\int.h">
      <Filter>Header Files\lib\minitasn1</Filter>
    </ClInclude>
    <ClInclude Include="..\lib\minitasn1\libtasn1.h">
      <Filter>Header Files\lib\minitasn1</Filter>
    </ClInclude>
    <ClInclude Include="..\lib\minitasn1\parser_aux.h">
      <Filter>Header Files\lib\minitasn1</Filter>
    </ClInclude>
    <ClInclude Include="..\lib\minitasn1\structure.h">
      <Filter>Header Files\lib\minitasn1</Filter>
    </ClInclude>
    <ClInclude Include="..\lib\opencdk\context.h">
      <Filter>Header Files\lib\opencdk</Filter>
    </ClInclude>
    <ClInclude Include="..\lib\opencdk\filters.h">
      <Filter>Header Files\lib\opencdk</Filter>
    </ClInclude>
    <ClInclude Include="..\lib\opencdk\keydb.h">
      <Filter>Header Files\lib\opencdk</Filter>
    </ClInclude>
    <ClInclude Include="..\lib\opencdk\main.h">
      <Filter>Header Files\lib\opencdk</Filter>
    </ClInclude>
    <ClInclude Include="..\lib\opencdk\opencdk.h">
      <Filter>Header Files\lib\opencdk</Filter>
    </ClInclude>
    <ClInclude Include="..\lib\opencdk\packet.h">
      <Filter>Header Files\lib\opencdk</Filter>
    </ClInclude>
    <ClInclude Include="..\lib\opencdk\stream.h">
      <Filter>Header Files\lib\opencdk</Filter>
    </ClInclude>
    <ClInclude Include="..\lib\opencdk\types.h">
      <Filter>Header Files\lib\opencdk</Filter>
    </ClInclude>
    <ClInclude Include="..\lib\openpgp\openpgp_int.h">
      <Filter>Header Files\lib\openpgp</Filter>
    </ClInclude>
    <ClInclude Include="..\lib\nettle\gnettle.h">
      <Filter>Header Files\lib\nettle</Filter>
    </ClInclude>
    <ClInclude Include="version.h">
      <Filter>Header Files</Filter>
    </ClInclude>
    <ClInclude Include="..\lib\includes\gnutls\self-test.h">
      <Filter>Header Files\lib\includes\gnutls</Filter>
    </ClInclude>
    <ClInclude Include="..\lib\includes\gnutls\x509-ext.h">
      <Filter>Header Files\lib\includes\gnutls</Filter>
    </ClInclude>
    <ClInclude Include="..\lib\nettle\rnd-common.h">
      <Filter>Header Files\lib\nettle</Filter>
    </ClInclude>
    <ClInclude Include="..\lib\accelerated\x86\aes-padlock.h">
      <Filter>Header Files\lib\accelerated\x86</Filter>
    </ClInclude>
    <ClInclude Include="..\lib\accelerated\x86\aes-x86.h">
      <Filter>Header Files\lib\accelerated\x86</Filter>
    </ClInclude>
    <ClInclude Include="..\lib\accelerated\x86\sha-padlock.h">
      <Filter>Header Files\lib\accelerated\x86</Filter>
    </ClInclude>
    <ClInclude Include="..\lib\accelerated\x86\sha-x86.h">
      <Filter>Header Files\lib\accelerated\x86</Filter>
    </ClInclude>
    <ClInclude Include="..\lib\accelerated\x86\x86-common.h">
      <Filter>Header Files\lib\accelerated\x86</Filter>
    </ClInclude>
    <ClInclude Include="..\lib\accelerated\x86\aes-gcm-aead.h">
      <Filter>Header Files\lib\accelerated\x86</Filter>
    </ClInclude>
    <ClInclude Include="..\lib\ext\etm.h">
      <Filter>Header Files\lib\ext</Filter>
    </ClInclude>
    <ClInclude Include="..\lib\ext\ext_master_secret.h">
      <Filter>Header Files\lib\ext</Filter>
    </ClInclude>
    <ClInclude Include="..\lib\extras\hex.h">
      <Filter>Header Files\lib\extras</Filter>
    </ClInclude>
    <ClInclude Include="..\lib\includes\gnutls\system-keys.h">
      <Filter>Header Files\lib\includes\gnutls</Filter>
    </ClInclude>
    <ClInclude Include="..\lib\includes\gnutls\urls.h">
      <Filter>Header Files\lib\includes\gnutls</Filter>
    </ClInclude>
    <ClInclude Include="..\lib\includes\gnutls\pkcs7.h">
      <Filter>Header Files\lib\includes\gnutls</Filter>
    </ClInclude>
    <ClInclude Include="..\lib\auth\srp_kx.h">
      <Filter>Header Files\lib\auth</Filter>
    </ClInclude>
    <ClInclude Include="..\lib\includes\gnutls\socket.h">
      <Filter>Header Files\lib\includes\gnutls</Filter>
    </ClInclude>
    <ClInclude Include="..\lib\abstract_int.h">
      <Filter>Header Files\lib</Filter>
    </ClInclude>
    <ClInclude Include="..\lib\algorithms.h">
      <Filter>Header Files\lib</Filter>
    </ClInclude>
    <ClInclude Include="..\lib\atfork.h">
      <Filter>Header Files\lib</Filter>
    </ClInclude>
    <ClInclude Include="..\lib\auth.h">
      <Filter>Header Files\lib</Filter>
    </ClInclude>
    <ClInclude Include="..\lib\buffers.h">
      <Filter>Header Files\lib</Filter>
    </ClInclude>
    <ClInclude Include="..\lib\cipher.h">
      <Filter>Header Files\lib</Filter>
    </ClInclude>
    <ClInclude Include="..\lib\cipher_int.h">
      <Filter>Header Files\lib</Filter>
    </ClInclude>
    <ClInclude Include="..\lib\compress.h">
      <Filter>Header Files\lib</Filter>
    </ClInclude>
    <ClInclude Include="..\lib\constate.h">
      <Filter>Header Files\lib</Filter>
    </ClInclude>
    <ClInclude Include="..\lib\crypto.h">
      <Filter>Header Files\lib</Filter>
    </ClInclude>
    <ClInclude Include="..\lib\crypto-backend.h">
      <Filter>Header Files\lib</Filter>
    </ClInclude>
    <ClInclude Include="..\lib\datum.h">
      <Filter>Header Files\lib</Filter>
    </ClInclude>
    <ClInclude Include="..\lib\db.h">
      <Filter>Header Files\lib</Filter>
    </ClInclude>
    <ClInclude Include="..\lib\debug.h">
      <Filter>Header Files\lib</Filter>
    </ClInclude>
    <ClInclude Include="..\lib\dh.h">
      <Filter>Header Files\lib</Filter>
    </ClInclude>
    <ClInclude Include="..\lib\dtls.h">
      <Filter>Header Files\lib</Filter>
    </ClInclude>
    <ClInclude Include="..\lib\ecc.h">
      <Filter>Header Files\lib</Filter>
    </ClInclude>
    <ClInclude Include="..\lib\errors.h">
      <Filter>Header Files\lib</Filter>
    </ClInclude>
    <ClInclude Include="..\lib\extensions.h">
      <Filter>Header Files\lib</Filter>
    </ClInclude>
    <ClInclude Include="..\lib\file.h">
      <Filter>Header Files\lib</Filter>
    </ClInclude>
    <ClInclude Include="..\lib\fips.h">
      <Filter>Header Files\lib</Filter>
    </ClInclude>
    <ClInclude Include="..\lib\global.h">
      <Filter>Header Files\lib</Filter>
    </ClInclude>
    <ClInclude Include="..\lib\gnutls_int.h">
      <Filter>Header Files\lib</Filter>
    </ClInclude>
    <ClInclude Include="..\lib\handshake.h">
      <Filter>Header Files\lib</Filter>
    </ClInclude>
    <ClInclude Include="..\lib\hash_int.h">
      <Filter>Header Files\lib</Filter>
    </ClInclude>
    <ClInclude Include="..\lib\kx.h">
      <Filter>Header Files\lib</Filter>
    </ClInclude>
    <ClInclude Include="..\lib\locks.h">
      <Filter>Header Files\lib</Filter>
    </ClInclude>
    <ClInclude Include="..\lib\mbuffers.h">
      <Filter>Header Files\lib</Filter>
    </ClInclude>
    <ClInclude Include="..\lib\mem.h">
      <Filter>Header Files\lib</Filter>
    </ClInclude>
    <ClInclude Include="..\lib\mpi.h">
      <Filter>Header Files\lib</Filter>
    </ClInclude>
    <ClInclude Include="..\lib\num.h">
      <Filter>Header Files\lib</Filter>
    </ClInclude>
    <ClInclude Include="..\lib\pin.h">
      <Filter>Header Files\lib</Filter>
    </ClInclude>
    <ClInclude Include="..\lib\pk.h">
      <Filter>Header Files\lib</Filter>
    </ClInclude>
    <ClInclude Include="..\lib\random.h">
      <Filter>Header Files\lib</Filter>
    </ClInclude>
    <ClInclude Include="..\lib\record.h">
      <Filter>Header Files\lib</Filter>
    </ClInclude>
    <ClInclude Include="..\lib\session_pack.h">
      <Filter>Header Files\lib</Filter>
    </ClInclude>
    <ClInclude Include="..\lib\srp.h">
      <Filter>Header Files\lib</Filter>
    </ClInclude>
    <ClInclude Include="..\lib\sslv2_compat.h">
      <Filter>Header Files\lib</Filter>
    </ClInclude>
    <ClInclude Include="..\lib\state.h">
      <Filter>Header Files\lib</Filter>
    </ClInclude>
    <ClInclude Include="..\lib\str.h">
      <Filter>Header Files\lib</Filter>
    </ClInclude>
    <ClInclude Include="..\lib\str_array.h">
      <Filter>Header Files\lib</Filter>
    </ClInclude>
    <ClInclude Include="..\lib\supplemental.h">
      <Filter>Header Files\lib</Filter>
    </ClInclude>
    <ClInclude Include="..\lib\system.h">
      <Filter>Header Files\lib</Filter>
    </ClInclude>
    <ClInclude Include="..\lib\system-keys.h">
      <Filter>Header Files\lib</Filter>
    </ClInclude>
    <ClInclude Include="..\lib\tls-sig.h">
      <Filter>Header Files\lib</Filter>
    </ClInclude>
    <ClInclude Include="..\lib\urls.h">
      <Filter>Header Files\lib</Filter>
    </ClInclude>
    <ClInclude Include="..\lib\vasprintf.h">
      <Filter>Header Files\lib</Filter>
    </ClInclude>
    <ClInclude Include="..\lib\x509.h">
      <Filter>Header Files\lib</Filter>
    </ClInclude>
    <ClInclude Include="..\lib\x509_b64.h">
      <Filter>Header Files\lib</Filter>
    </ClInclude>
    <ClInclude Include="lib\priority_options.h">
      <Filter>Header Files\lib</Filter>
    </ClInclude>
    <ClInclude Include="..\lib\nettle\int\dsa-fips.h">
      <Filter>Header Files\lib\nettle\int</Filter>
    </ClInclude>
    <ClInclude Include="..\lib\nettle\int\rsa-fips.h">
      <Filter>Header Files\lib\nettle\int</Filter>
    </ClInclude>
    <ClInclude Include="..\lib\openpgp\openpgp.h">
      <Filter>Header Files\lib\openpgp</Filter>
    </ClInclude>
    <ClInclude Include="..\lib\x509\ip.h">
      <Filter>Header Files\lib\x509</Filter>
    </ClInclude>
    <ClInclude Include="..\lib\x509\ip-in-cidr.h">
      <Filter>Header Files\lib\x509</Filter>
    </ClInclude>
    <ClInclude Include="..\lib\x509\krb5.h">
      <Filter>Header Files\lib\x509</Filter>
    </ClInclude>
    <ClInclude Include="..\lib\x509\pkcs7_int.h">
      <Filter>Header Files\lib\x509</Filter>
    </ClInclude>
    <ClInclude Include="..\lib\x509\virt-san.h">
      <Filter>Header Files\lib\x509</Filter>
    </ClInclude>
    <ClInclude Include="..\lib\x509\x509_ext_int.h">
      <Filter>Header Files\lib\x509</Filter>
    </ClInclude>
    <ClInclude Include="..\lib\unistring\unicase\special-casing-table.h">
      <Filter>Header Files\lib\unistring\unicase</Filter>
    </ClInclude>
    <ClInclude Include="..\lib\unistring\unictype\categ_Pc.h">
      <Filter>Header Files\lib\unistring\unictype</Filter>
    </ClInclude>
    <ClInclude Include="..\lib\unistring\unictype\categ_Pd.h">
      <Filter>Header Files\lib\unistring\unictype</Filter>
    </ClInclude>
    <ClInclude Include="..\lib\unistring\unictype\categ_Pe.h">
      <Filter>Header Files\lib\unistring\unictype</Filter>
    </ClInclude>
    <ClInclude Include="..\lib\unistring\unictype\categ_Pf.h">
      <Filter>Header Files\lib\unistring\unictype</Filter>
    </ClInclude>
    <ClInclude Include="..\lib\unistring\unictype\categ_Pi.h">
      <Filter>Header Files\lib\unistring\unictype</Filter>
    </ClInclude>
    <ClInclude Include="..\lib\unistring\unictype\categ_Po.h">
      <Filter>Header Files\lib\unistring\unictype</Filter>
    </ClInclude>
    <ClInclude Include="..\lib\unistring\unictype\categ_Ps.h">
      <Filter>Header Files\lib\unistring\unictype</Filter>
    </ClInclude>
    <ClInclude Include="..\lib\unistring\unictype\categ_S.h">
      <Filter>Header Files\lib\unistring\unictype</Filter>
    </ClInclude>
    <ClInclude Include="..\lib\unistring\unictype\categ_Sc.h">
      <Filter>Header Files\lib\unistring\unictype</Filter>
    </ClInclude>
    <ClInclude Include="..\lib\unistring\unictype\categ_Sk.h">
      <Filter>Header Files\lib\unistring\unictype</Filter>
    </ClInclude>
    <ClInclude Include="..\lib\unistring\unictype\categ_Sm.h">
      <Filter>Header Files\lib\unistring\unictype</Filter>
    </ClInclude>
    <ClInclude Include="..\lib\unistring\unictype\categ_So.h">
      <Filter>Header Files\lib\unistring\unictype</Filter>
    </ClInclude>
    <ClInclude Include="..\lib\unistring\unictype\categ_Z.h">
      <Filter>Header Files\lib\unistring\unictype</Filter>
    </ClInclude>
    <ClInclude Include="..\lib\unistring\unictype\categ_Zl.h">
      <Filter>Header Files\lib\unistring\unictype</Filter>
    </ClInclude>
    <ClInclude Include="..\lib\unistring\unictype\categ_Zp.h">
      <Filter>Header Files\lib\unistring\unictype</Filter>
    </ClInclude>
    <ClInclude Include="..\lib\unistring\unictype\categ_Zs.h">
      <Filter>Header Files\lib\unistring\unictype</Filter>
    </ClInclude>
    <ClInclude Include="..\lib\unistring\unictype\combiningclass.h">
      <Filter>Header Files\lib\unistring\unictype</Filter>
    </ClInclude>
    <ClInclude Include="..\lib\unistring\unictype\pr_default_ignorable_code_point.h">
      <Filter>Header Files\lib\unistring\unictype</Filter>
    </ClInclude>
    <ClInclude Include="..\lib\unistring\unictype\pr_join_control.h">
      <Filter>Header Files\lib\unistring\unictype</Filter>
    </ClInclude>
    <ClInclude Include="..\lib\unistring\unictype\pr_not_a_character.h">
      <Filter>Header Files\lib\unistring\unictype</Filter>
    </ClInclude>
    <ClInclude Include="..\lib\unistring\unictype\bitmap.h">
      <Filter>Header Files\lib\unistring\unictype</Filter>
    </ClInclude>
    <ClInclude Include="..\lib\unistring\unictype\categ_C.h">
      <Filter>Header Files\lib\unistring\unictype</Filter>
    </ClInclude>
    <ClInclude Include="..\lib\unistring\unictype\categ_Cc.h">
      <Filter>Header Files\lib\unistring\unictype</Filter>
    </ClInclude>
    <ClInclude Include="..\lib\unistring\unictype\categ_Cf.h">
      <Filter>Header Files\lib\unistring\unictype</Filter>
    </ClInclude>
    <ClInclude Include="..\lib\unistring\unictype\categ_Cn.h">
      <Filter>Header Files\lib\unistring\unictype</Filter>
    </ClInclude>
    <ClInclude Include="..\lib\unistring\unictype\categ_Co.h">
      <Filter>Header Files\lib\unistring\unictype</Filter>
    </ClInclude>
    <ClInclude Include="..\lib\unistring\unictype\categ_Cs.h">
      <Filter>Header Files\lib\unistring\unictype</Filter>
    </ClInclude>
    <ClInclude Include="..\lib\unistring\unictype\categ_L.h">
      <Filter>Header Files\lib\unistring\unictype</Filter>
    </ClInclude>
    <ClInclude Include="..\lib\unistring\unictype\categ_LC.h">
      <Filter>Header Files\lib\unistring\unictype</Filter>
    </ClInclude>
    <ClInclude Include="..\lib\unistring\unictype\categ_Ll.h">
      <Filter>Header Files\lib\unistring\unictype</Filter>
    </ClInclude>
    <ClInclude Include="..\lib\unistring\unictype\categ_Lm.h">
      <Filter>Header Files\lib\unistring\unictype</Filter>
    </ClInclude>
    <ClInclude Include="..\lib\unistring\unictype\categ_Lo.h">
      <Filter>Header Files\lib\unistring\unictype</Filter>
    </ClInclude>
    <ClInclude Include="..\lib\unistring\unictype\categ_Lt.h">
      <Filter>Header Files\lib\unistring\unictype</Filter>
    </ClInclude>
    <ClInclude Include="..\lib\unistring\unictype\categ_Lu.h">
      <Filter>Header Files\lib\unistring\unictype</Filter>
    </ClInclude>
    <ClInclude Include="..\lib\unistring\unictype\categ_M.h">
      <Filter>Header Files\lib\unistring\unictype</Filter>
    </ClInclude>
    <ClInclude Include="..\lib\unistring\unictype\categ_Mc.h">
      <Filter>Header Files\lib\unistring\unictype</Filter>
    </ClInclude>
    <ClInclude Include="..\lib\unistring\unictype\categ_Me.h">
      <Filter>Header Files\lib\unistring\unictype</Filter>
    </ClInclude>
    <ClInclude Include="..\lib\unistring\unictype\categ_Mn.h">
      <Filter>Header Files\lib\unistring\unictype</Filter>
    </ClInclude>
    <ClInclude Include="..\lib\unistring\unictype\categ_N.h">
      <Filter>Header Files\lib\unistring\unictype</Filter>
    </ClInclude>
    <ClInclude Include="..\lib\unistring\unictype\categ_Nd.h">
      <Filter>Header Files\lib\unistring\unictype</Filter>
    </ClInclude>
    <ClInclude Include="..\lib\unistring\unictype\categ_Nl.h">
      <Filter>Header Files\lib\unistring\unictype</Filter>
    </ClInclude>
    <ClInclude Include="..\lib\unistring\unictype\categ_No.h">
      <Filter>Header Files\lib\unistring\unictype</Filter>
    </ClInclude>
    <ClInclude Include="..\lib\unistring\unictype\categ_of.h">
      <Filter>Header Files\lib\unistring\unictype</Filter>
    </ClInclude>
    <ClInclude Include="..\lib\unistring\unictype\categ_P.h">
      <Filter>Header Files\lib\unistring\unictype</Filter>
    </ClInclude>
    <ClInclude Include="..\lib\unistring\uninorm\composition-table.h">
      <Filter>Header Files\lib\unistring\uninorm</Filter>
    </ClInclude>
    <ClInclude Include="..\lib\unistring\uninorm\decompose-internal.h">
      <Filter>Header Files\lib\unistring\uninorm</Filter>
    </ClInclude>
    <ClInclude Include="..\lib\unistring\uninorm\decomposition-table.h">
      <Filter>Header Files\lib\unistring\uninorm</Filter>
    </ClInclude>
    <ClInclude Include="..\lib\unistring\uninorm\decomposition-table1.h">
      <Filter>Header Files\lib\unistring\uninorm</Filter>
    </ClInclude>
    <ClInclude Include="..\lib\unistring\uninorm\decomposition-table2.h">
      <Filter>Header Files\lib\unistring\uninorm</Filter>
    </ClInclude>
    <ClInclude Include="..\lib\unistring\uninorm\normalize-internal.h">
      <Filter>Header Files\lib\unistring\uninorm</Filter>
    </ClInclude>
    <ClInclude Include="..\lib\unistring\uninorm\u-normalize-internal.h">
      <Filter>Header Files\lib\unistring\uninorm</Filter>
    </ClInclude>
    <ClInclude Include="..\lib\unistring\unistr\u-cpy.h">
      <Filter>Header Files\lib\unistring\unistring</Filter>
    </ClInclude>
    <ClInclude Include="..\lib\x509\attributes.h">
      <Filter>Header Files\lib\x509</Filter>
    </ClInclude>
    <ClInclude Include="..\lib\x509\prov-seed.h">
      <Filter>Header Files\lib\x509</Filter>
    </ClInclude>
  </ItemGroup>
  <ItemGroup>
    <ClCompile Include="..\lib\x509\pkcs7.c">
      <Filter>Source Files\lib\x509</Filter>
    </ClCompile>
    <ClCompile Include="..\lib\x509\pkcs12.c">
      <Filter>Source Files\lib\x509</Filter>
    </ClCompile>
    <ClCompile Include="..\lib\x509\pkcs12_bag.c">
      <Filter>Source Files\lib\x509</Filter>
    </ClCompile>
    <ClCompile Include="..\lib\x509\pkcs12_encr.c">
      <Filter>Source Files\lib\x509</Filter>
    </ClCompile>
    <ClCompile Include="..\lib\x509\privkey.c">
      <Filter>Source Files\lib\x509</Filter>
    </ClCompile>
    <ClCompile Include="..\lib\x509\privkey_openssl.c">
      <Filter>Source Files\lib\x509</Filter>
    </ClCompile>
    <ClCompile Include="..\lib\x509\privkey_pkcs8.c">
      <Filter>Source Files\lib\x509</Filter>
    </ClCompile>
    <ClCompile Include="..\lib\x509\sign.c">
      <Filter>Source Files\lib\x509</Filter>
    </ClCompile>
    <ClCompile Include="..\lib\x509\verify.c">
      <Filter>Source Files\lib\x509</Filter>
    </ClCompile>
    <ClCompile Include="..\lib\x509\verify-high.c">
      <Filter>Source Files\lib\x509</Filter>
    </ClCompile>
    <ClCompile Include="..\lib\x509\verify-high2.c">
      <Filter>Source Files\lib\x509</Filter>
    </ClCompile>
    <ClCompile Include="..\lib\x509\x509.c">
      <Filter>Source Files\lib\x509</Filter>
    </ClCompile>
    <ClCompile Include="..\lib\x509\x509_dn.c">
      <Filter>Source Files\lib\x509</Filter>
    </ClCompile>
    <ClCompile Include="..\lib\x509\x509_write.c">
      <Filter>Source Files\lib\x509</Filter>
    </ClCompile>
    <ClCompile Include="..\lib\x509\common.c">
      <Filter>Source Files\lib\x509</Filter>
    </ClCompile>
    <ClCompile Include="..\lib\x509\crl.c">
      <Filter>Source Files\lib\x509</Filter>
    </ClCompile>
    <ClCompile Include="..\lib\x509\crl_write.c">
      <Filter>Source Files\lib\x509</Filter>
    </ClCompile>
    <ClCompile Include="..\lib\x509\crq.c">
      <Filter>Source Files\lib\x509</Filter>
    </ClCompile>
    <ClCompile Include="..\lib\x509\dn.c">
      <Filter>Source Files\lib\x509</Filter>
    </ClCompile>
    <ClCompile Include="..\lib\x509\extensions.c">
      <Filter>Source Files\lib\x509</Filter>
    </ClCompile>
    <ClCompile Include="..\lib\x509\key_decode.c">
      <Filter>Source Files\lib\x509</Filter>
    </ClCompile>
    <ClCompile Include="..\lib\x509\key_encode.c">
      <Filter>Source Files\lib\x509</Filter>
    </ClCompile>
    <ClCompile Include="..\lib\x509\mpi.c">
      <Filter>Source Files\lib\x509</Filter>
    </ClCompile>
    <ClCompile Include="..\lib\x509\ocsp.c">
      <Filter>Source Files\lib\x509</Filter>
    </ClCompile>
    <ClCompile Include="..\lib\x509\ocsp_output.c">
      <Filter>Source Files\lib\x509</Filter>
    </ClCompile>
    <ClCompile Include="..\lib\x509\output.c">
      <Filter>Source Files\lib\x509</Filter>
    </ClCompile>
    <ClCompile Include="..\lib\accelerated\cryptodev-gcm.c">
      <Filter>Source Files\lib\accelerated</Filter>
    </ClCompile>
    <ClCompile Include="..\lib\accelerated\accelerated.c">
      <Filter>Source Files\lib\accelerated</Filter>
    </ClCompile>
    <ClCompile Include="..\lib\accelerated\cryptodev.c">
      <Filter>Source Files\lib\accelerated</Filter>
    </ClCompile>
    <ClCompile Include="..\lib\auth\dhe_psk.c">
      <Filter>Source Files\lib\auth</Filter>
    </ClCompile>
    <ClCompile Include="..\lib\auth\ecdhe.c">
      <Filter>Source Files\lib\auth</Filter>
    </ClCompile>
    <ClCompile Include="..\lib\auth\psk.c">
      <Filter>Source Files\lib\auth</Filter>
    </ClCompile>
    <ClCompile Include="..\lib\auth\psk_passwd.c">
      <Filter>Source Files\lib\auth</Filter>
    </ClCompile>
    <ClCompile Include="..\lib\auth\rsa.c">
      <Filter>Source Files\lib\auth</Filter>
    </ClCompile>
    <ClCompile Include="..\lib\auth\rsa_psk.c">
      <Filter>Source Files\lib\auth</Filter>
    </ClCompile>
    <ClCompile Include="..\lib\auth\srp_passwd.c">
      <Filter>Source Files\lib\auth</Filter>
    </ClCompile>
    <ClCompile Include="..\lib\auth\srp_rsa.c">
      <Filter>Source Files\lib\auth</Filter>
    </ClCompile>
    <ClCompile Include="..\lib\auth\srp_sb64.c">
      <Filter>Source Files\lib\auth</Filter>
    </ClCompile>
    <ClCompile Include="..\lib\auth\anon.c">
      <Filter>Source Files\lib\auth</Filter>
    </ClCompile>
    <ClCompile Include="..\lib\auth\anon_ecdh.c">
      <Filter>Source Files\lib\auth</Filter>
    </ClCompile>
    <ClCompile Include="..\lib\auth\cert.c">
      <Filter>Source Files\lib\auth</Filter>
    </ClCompile>
    <ClCompile Include="..\lib\auth\dh_common.c">
      <Filter>Source Files\lib\auth</Filter>
    </ClCompile>
    <ClCompile Include="..\lib\auth\dhe.c">
      <Filter>Source Files\lib\auth</Filter>
    </ClCompile>
    <ClCompile Include="..\lib\ext\max_record.c">
      <Filter>Source Files\lib\ext</Filter>
    </ClCompile>
    <ClCompile Include="..\lib\ext\safe_renegotiation.c">
      <Filter>Source Files\lib\ext</Filter>
    </ClCompile>
    <ClCompile Include="..\lib\ext\server_name.c">
      <Filter>Source Files\lib\ext</Filter>
    </ClCompile>
    <ClCompile Include="..\lib\ext\session_ticket.c">
      <Filter>Source Files\lib\ext</Filter>
    </ClCompile>
    <ClCompile Include="..\lib\ext\signature.c">
      <Filter>Source Files\lib\ext</Filter>
    </ClCompile>
    <ClCompile Include="..\lib\ext\srp.c">
      <Filter>Source Files\lib\ext</Filter>
    </ClCompile>
    <ClCompile Include="..\lib\ext\srtp.c">
      <Filter>Source Files\lib\ext</Filter>
    </ClCompile>
    <ClCompile Include="..\lib\ext\status_request.c">
      <Filter>Source Files\lib\ext</Filter>
    </ClCompile>
    <ClCompile Include="..\lib\ext\alpn.c">
      <Filter>Source Files\lib\ext</Filter>
    </ClCompile>
    <ClCompile Include="..\lib\ext\cert_type.c">
      <Filter>Source Files\lib\ext</Filter>
    </ClCompile>
    <ClCompile Include="..\lib\ext\dumbfw.c">
      <Filter>Source Files\lib\ext</Filter>
    </ClCompile>
    <ClCompile Include="..\lib\ext\ecc.c">
      <Filter>Source Files\lib\ext</Filter>
    </ClCompile>
    <ClCompile Include="..\lib\ext\heartbeat.c">
      <Filter>Source Files\lib\ext</Filter>
    </ClCompile>
    <ClCompile Include="..\lib\algorithms\publickey.c">
      <Filter>Source Files\lib\algorithms</Filter>
    </ClCompile>
    <ClCompile Include="..\lib\algorithms\secparams.c">
      <Filter>Source Files\lib\algorithms</Filter>
    </ClCompile>
    <ClCompile Include="..\lib\algorithms\sign.c">
      <Filter>Source Files\lib\algorithms</Filter>
    </ClCompile>
    <ClCompile Include="..\lib\algorithms\cert_types.c">
      <Filter>Source Files\lib\algorithms</Filter>
    </ClCompile>
    <ClCompile Include="..\lib\algorithms\ciphers.c">
      <Filter>Source Files\lib\algorithms</Filter>
    </ClCompile>
    <ClCompile Include="..\lib\algorithms\ciphersuites.c">
      <Filter>Source Files\lib\algorithms</Filter>
    </ClCompile>
    <ClCompile Include="..\lib\algorithms\ecc.c">
      <Filter>Source Files\lib\algorithms</Filter>
    </ClCompile>
    <ClCompile Include="..\lib\algorithms\kx.c">
      <Filter>Source Files\lib\algorithms</Filter>
    </ClCompile>
    <ClCompile Include="..\lib\algorithms\mac.c">
      <Filter>Source Files\lib\algorithms</Filter>
    </ClCompile>
    <ClCompile Include="..\lib\algorithms\protocols.c">
      <Filter>Source Files\lib\algorithms</Filter>
    </ClCompile>
    <ClCompile Include="..\lib\extras\randomart.c">
      <Filter>Source Files\lib\extras</Filter>
    </ClCompile>
    <ClCompile Include="..\lib\minitasn1\parser_aux.c">
      <Filter>Source Files\lib\minitasn1</Filter>
    </ClCompile>
    <ClCompile Include="..\lib\minitasn1\structure.c">
      <Filter>Source Files\lib\minitasn1</Filter>
    </ClCompile>
    <ClCompile Include="..\lib\minitasn1\version.c">
      <Filter>Source Files\lib\minitasn1</Filter>
    </ClCompile>
    <ClCompile Include="..\lib\minitasn1\coding.c">
      <Filter>Source Files\lib\minitasn1</Filter>
    </ClCompile>
    <ClCompile Include="..\lib\minitasn1\decoding.c">
      <Filter>Source Files\lib\minitasn1</Filter>
    </ClCompile>
    <ClCompile Include="..\lib\minitasn1\element.c">
      <Filter>Source Files\lib\minitasn1</Filter>
    </ClCompile>
    <ClCompile Include="..\lib\minitasn1\errors.c">
      <Filter>Source Files\lib\minitasn1</Filter>
    </ClCompile>
    <ClCompile Include="..\lib\minitasn1\gstr.c">
      <Filter>Source Files\lib\minitasn1</Filter>
    </ClCompile>
    <ClCompile Include="..\lib\opencdk\new-packet.c">
      <Filter>Source Files\lib\opencdk</Filter>
    </ClCompile>
    <ClCompile Include="..\lib\opencdk\pubkey.c">
      <Filter>Source Files\lib\opencdk</Filter>
    </ClCompile>
    <ClCompile Include="..\lib\opencdk\read-packet.c">
      <Filter>Source Files\lib\opencdk</Filter>
    </ClCompile>
    <ClCompile Include="..\lib\opencdk\seskey.c">
      <Filter>Source Files\lib\opencdk</Filter>
    </ClCompile>
    <ClCompile Include="..\lib\opencdk\sig-check.c">
      <Filter>Source Files\lib\opencdk</Filter>
    </ClCompile>
    <ClCompile Include="..\lib\opencdk\stream.c">
      <Filter>Source Files\lib\opencdk</Filter>
    </ClCompile>
    <ClCompile Include="..\lib\opencdk\write-packet.c">
      <Filter>Source Files\lib\opencdk</Filter>
    </ClCompile>
    <ClCompile Include="..\lib\opencdk\armor.c">
      <Filter>Source Files\lib\opencdk</Filter>
    </ClCompile>
    <ClCompile Include="..\lib\opencdk\kbnode.c">
      <Filter>Source Files\lib\opencdk</Filter>
    </ClCompile>
    <ClCompile Include="..\lib\opencdk\keydb.c">
      <Filter>Source Files\lib\opencdk</Filter>
    </ClCompile>
    <ClCompile Include="..\lib\opencdk\literal.c">
      <Filter>Source Files\lib\opencdk</Filter>
    </ClCompile>
    <ClCompile Include="..\lib\opencdk\misc.c">
      <Filter>Source Files\lib\opencdk</Filter>
    </ClCompile>
    <ClCompile Include="..\lib\openpgp\output.c">
      <Filter>Source Files\lib\openpgp</Filter>
    </ClCompile>
    <ClCompile Include="..\lib\openpgp\pgp.c">
      <Filter>Source Files\lib\openpgp</Filter>
    </ClCompile>
    <ClCompile Include="..\lib\openpgp\pgpverify.c">
      <Filter>Source Files\lib\openpgp</Filter>
    </ClCompile>
    <ClCompile Include="..\lib\openpgp\privkey.c">
      <Filter>Source Files\lib\openpgp</Filter>
    </ClCompile>
    <ClCompile Include="..\lib\openpgp\compat.c">
      <Filter>Source Files\lib\openpgp</Filter>
    </ClCompile>
    <ClCompile Include="..\lib\openpgp\extras.c">
      <Filter>Source Files\lib\openpgp</Filter>
    </ClCompile>
    <ClCompile Include="..\lib\nettle\mac.c">
      <Filter>Source Files\lib\nettle</Filter>
    </ClCompile>
    <ClCompile Include="..\lib\nettle\mpi.c">
      <Filter>Source Files\lib\nettle</Filter>
    </ClCompile>
    <ClCompile Include="..\lib\nettle\pk.c">
      <Filter>Source Files\lib\nettle</Filter>
    </ClCompile>
    <ClCompile Include="..\lib\nettle\cipher.c">
      <Filter>Source Files\lib\nettle</Filter>
    </ClCompile>
    <ClCompile Include="..\lib\nettle\init.c">
      <Filter>Source Files\lib\nettle</Filter>
    </ClCompile>
    <ClCompile Include="..\gl\c-ctype.c">
      <Filter>Source Files\gl</Filter>
    </ClCompile>
    <ClCompile Include="..\gl\read-file.c">
      <Filter>Source Files\gl</Filter>
    </ClCompile>
    <ClCompile Include="..\gl\hash-pjw-bare.c">
      <Filter>Source Files\gl</Filter>
    </ClCompile>
    <ClCompile Include="..\gl\msvc-nothrow.c">
      <Filter>Source Files\gl</Filter>
    </ClCompile>
    <ClCompile Include="..\gl\msvc-inval.c">
      <Filter>Source Files\gl</Filter>
    </ClCompile>
    <ClCompile Include="..\lib\nettle\rnd-common.c">
      <Filter>Source Files\lib\nettle</Filter>
    </ClCompile>
    <ClCompile Include="..\lib\nettle\rnd.c">
      <Filter>Source Files\lib\nettle</Filter>
    </ClCompile>
    <ClCompile Include="..\lib\x509\name_constraints.c">
      <Filter>Source Files\lib\x509</Filter>
    </ClCompile>
    <ClCompile Include="..\lib\x509\x509_ext.c">
      <Filter>Source Files\lib\x509</Filter>
    </ClCompile>
    <ClCompile Include="..\lib\accelerated\x86\x86-common.c">
      <Filter>Source Files\lib\accelerated\x86</Filter>
    </ClCompile>
    <ClCompile Include="..\lib\accelerated\x86\aes-gcm-x86-pclmul.c">
      <Filter>Source Files\lib\accelerated\x86</Filter>
    </ClCompile>
    <ClCompile Include="..\lib\accelerated\x86\aes-gcm-x86-ssse3.c">
      <Filter>Source Files\lib\accelerated\x86</Filter>
    </ClCompile>
    <ClCompile Include="..\lib\accelerated\x86\aes-padlock.c">
      <Filter>Source Files\lib\accelerated\x86</Filter>
    </ClCompile>
    <ClCompile Include="..\lib\accelerated\x86\hmac-padlock.c">
      <Filter>Source Files\lib\accelerated\x86</Filter>
    </ClCompile>
    <ClCompile Include="..\lib\accelerated\x86\hmac-x86-ssse3.c">
      <Filter>Source Files\lib\accelerated\x86</Filter>
    </ClCompile>
    <ClCompile Include="..\lib\accelerated\x86\sha-padlock.c">
      <Filter>Source Files\lib\accelerated\x86</Filter>
    </ClCompile>
    <ClCompile Include="..\lib\accelerated\x86\sha-x86-ssse3.c">
      <Filter>Source Files\lib\accelerated\x86</Filter>
    </ClCompile>
    <ClCompile Include="..\lib\accelerated\x86\aes-cbc-x86-aesni.c">
      <Filter>Source Files\lib\accelerated\x86</Filter>
    </ClCompile>
    <ClCompile Include="..\lib\accelerated\x86\aes-cbc-x86-ssse3.c">
      <Filter>Source Files\lib\accelerated\x86</Filter>
    </ClCompile>
    <ClCompile Include="..\lib\accelerated\x86\aes-gcm-padlock.c">
      <Filter>Source Files\lib\accelerated\x86</Filter>
    </ClCompile>
    <ClCompile Include="..\lib\accelerated\x86\aes-gcm-x86-aesni.c">
      <Filter>Source Files\lib\accelerated\x86</Filter>
    </ClCompile>
    <ClCompile Include="..\lib\accelerated\x86\aes-ccm-x86-aesni.c">
      <Filter>Source Files\lib\accelerated\x86</Filter>
    </ClCompile>
    <ClCompile Include="..\lib\ext\etm.c">
      <Filter>Source Files\lib\ext</Filter>
    </ClCompile>
    <ClCompile Include="..\lib\ext\ext_master_secret.c">
      <Filter>Source Files\lib\ext</Filter>
    </ClCompile>
    <ClCompile Include="..\lib\extras\hex.c">
      <Filter>Source Files\lib\extras</Filter>
    </ClCompile>
    <ClCompile Include="..\lib\x509\email-verify.c">
      <Filter>Source Files\lib\x509</Filter>
    </ClCompile>
    <ClCompile Include="..\lib\x509\hostname-verify.c">
      <Filter>Source Files\lib\x509</Filter>
    </ClCompile>
    <ClCompile Include="..\lib\x509\pkcs7-attrs.c">
      <Filter>Source Files\lib\x509</Filter>
    </ClCompile>
    <ClCompile Include="..\lib\x509\pkcs7-output.c">
      <Filter>Source Files\lib\x509</Filter>
    </ClCompile>
    <ClCompile Include="..\gl\secure_getenv.c">
      <Filter>Source Files\gl</Filter>
    </ClCompile>
    <ClCompile Include="..\lib\accelerated\x86\aes-gcm-x86-pclmul-avx.c">
      <Filter>Source Files\lib\accelerated\x86</Filter>
    </ClCompile>
    <ClCompile Include="..\lib\auth\srp_kx.c">
      <Filter>Source Files\lib\auth</Filter>
    </ClCompile>
    <ClCompile Include="..\lib\alert.c">
      <Filter>Source Files\lib</Filter>
    </ClCompile>
    <ClCompile Include="..\lib\anon_cred.c">
      <Filter>Source Files\lib</Filter>
    </ClCompile>
    <ClCompile Include="..\lib\crypto-backend.c">
      <Filter>Source Files\lib</Filter>
    </ClCompile>
    <ClCompile Include="..\lib\atfork.c">
      <Filter>Source Files\lib</Filter>
    </ClCompile>
    <ClCompile Include="..\lib\auth.c">
      <Filter>Source Files\lib</Filter>
    </ClCompile>
    <ClCompile Include="..\lib\auto-verify.c">
      <Filter>Source Files\lib</Filter>
    </ClCompile>
    <ClCompile Include="..\lib\buffers.c">
      <Filter>Source Files\lib</Filter>
    </ClCompile>
    <ClCompile Include="..\lib\cert.c">
      <Filter>Source Files\lib</Filter>
    </ClCompile>
    <ClCompile Include="..\lib\cert-session.c">
      <Filter>Source Files\lib</Filter>
    </ClCompile>
    <ClCompile Include="..\lib\cipher.c">
      <Filter>Source Files\lib</Filter>
    </ClCompile>
    <ClCompile Include="..\lib\cipher_int.c">
      <Filter>Source Files\lib</Filter>
    </ClCompile>
    <ClCompile Include="..\lib\compress.c">
      <Filter>Source Files\lib</Filter>
    </ClCompile>
    <ClCompile Include="..\lib\constate.c">
      <Filter>Source Files\lib</Filter>
    </ClCompile>
    <ClCompile Include="..\lib\crypto-api.c">
      <Filter>Source Files\lib</Filter>
    </ClCompile>
    <ClCompile Include="..\lib\pk.c">
      <Filter>Source Files\lib</Filter>
    </ClCompile>
    <ClCompile Include="..\lib\datum.c">
      <Filter>Source Files\lib</Filter>
    </ClCompile>
    <ClCompile Include="..\lib\db.c">
      <Filter>Source Files\lib</Filter>
    </ClCompile>
    <ClCompile Include="..\lib\debug.c">
      <Filter>Source Files\lib</Filter>
    </ClCompile>
    <ClCompile Include="..\lib\dh.c">
      <Filter>Source Files\lib</Filter>
    </ClCompile>
    <ClCompile Include="..\lib\dh-primes.c">
      <Filter>Source Files\lib</Filter>
    </ClCompile>
    <ClCompile Include="..\lib\dh-session.c">
      <Filter>Source Files\lib</Filter>
    </ClCompile>
    <ClCompile Include="..\lib\dtls.c">
      <Filter>Source Files\lib</Filter>
    </ClCompile>
    <ClCompile Include="..\lib\dtls-sw.c">
      <Filter>Source Files\lib</Filter>
    </ClCompile>
    <ClCompile Include="..\lib\ecc.c">
      <Filter>Source Files\lib</Filter>
    </ClCompile>
    <ClCompile Include="..\lib\errors.c">
      <Filter>Source Files\lib</Filter>
    </ClCompile>
    <ClCompile Include="..\lib\extensions.c">
      <Filter>Source Files\lib</Filter>
    </ClCompile>
    <ClCompile Include="..\lib\file.c">
      <Filter>Source Files\lib</Filter>
    </ClCompile>
    <ClCompile Include="..\lib\fingerprint.c">
      <Filter>Source Files\lib</Filter>
    </ClCompile>
    <ClCompile Include="..\lib\fips.c">
      <Filter>Source Files\lib</Filter>
    </ClCompile>
    <ClCompile Include="..\lib\global.c">
      <Filter>Source Files\lib</Filter>
    </ClCompile>
    <ClCompile Include="..\lib\gnutls_asn1_tab.c">
      <Filter>Source Files\lib</Filter>
    </ClCompile>
    <ClCompile Include="..\lib\handshake.c">
      <Filter>Source Files\lib</Filter>
    </ClCompile>
    <ClCompile Include="..\lib\handshake-checks.c">
      <Filter>Source Files\lib</Filter>
    </ClCompile>
    <ClCompile Include="..\lib\hash_int.c">
      <Filter>Source Files\lib</Filter>
    </ClCompile>
    <ClCompile Include="..\lib\kx.c">
      <Filter>Source Files\lib</Filter>
    </ClCompile>
    <ClCompile Include="..\lib\locks.c">
      <Filter>Source Files\lib</Filter>
    </ClCompile>
    <ClCompile Include="..\lib\mbuffers.c">
      <Filter>Source Files\lib</Filter>
    </ClCompile>
    <ClCompile Include="..\lib\mem.c">
      <Filter>Source Files\lib</Filter>
    </ClCompile>
    <ClCompile Include="..\lib\mpi.c">
      <Filter>Source Files\lib</Filter>
    </ClCompile>
    <ClCompile Include="..\lib\num.c">
      <Filter>Source Files\lib</Filter>
    </ClCompile>
    <ClCompile Include="..\lib\pcert.c">
      <Filter>Source Files\lib</Filter>
    </ClCompile>
    <ClCompile Include="..\lib\pin.c">
      <Filter>Source Files\lib</Filter>
    </ClCompile>
    <ClCompile Include="..\lib\system_override.c">
      <Filter>Source Files\lib</Filter>
    </ClCompile>
    <ClCompile Include="..\lib\tls-sig.c">
      <Filter>Source Files\lib</Filter>
    </ClCompile>
    <ClCompile Include="..\lib\tpm.c">
      <Filter>Source Files\lib</Filter>
    </ClCompile>
    <ClCompile Include="..\lib\urls.c">
      <Filter>Source Files\lib</Filter>
    </ClCompile>
    <ClCompile Include="..\lib\verify-tofu.c">
      <Filter>Source Files\lib</Filter>
    </ClCompile>
    <ClCompile Include="..\lib\x509.c">
      <Filter>Source Files\lib</Filter>
    </ClCompile>
    <ClCompile Include="..\lib\x509_b64.c">
      <Filter>Source Files\lib</Filter>
    </ClCompile>
    <ClCompile Include="..\lib\pkix_asn1_tab.c">
      <Filter>Source Files\lib</Filter>
    </ClCompile>
    <ClCompile Include="..\lib\prf.c">
      <Filter>Source Files\lib</Filter>
    </ClCompile>
    <ClCompile Include="..\lib\priority.c">
      <Filter>Source Files\lib</Filter>
    </ClCompile>
    <ClCompile Include="..\lib\privkey.c">
      <Filter>Source Files\lib</Filter>
    </ClCompile>
    <ClCompile Include="..\lib\privkey_raw.c">
      <Filter>Source Files\lib</Filter>
    </ClCompile>
    <ClCompile Include="..\lib\psk.c">
      <Filter>Source Files\lib</Filter>
    </ClCompile>
    <ClCompile Include="..\lib\pubkey.c">
      <Filter>Source Files\lib</Filter>
    </ClCompile>
    <ClCompile Include="..\lib\random.c">
      <Filter>Source Files\lib</Filter>
    </ClCompile>
    <ClCompile Include="..\lib\randomart.c">
      <Filter>Source Files\lib</Filter>
    </ClCompile>
    <ClCompile Include="..\lib\range.c">
      <Filter>Source Files\lib</Filter>
    </ClCompile>
    <ClCompile Include="..\lib\record.c">
      <Filter>Source Files\lib</Filter>
    </ClCompile>
    <ClCompile Include="..\lib\safe-memfuncs.c">
      <Filter>Source Files\lib</Filter>
    </ClCompile>
    <ClCompile Include="..\lib\session.c">
      <Filter>Source Files\lib</Filter>
    </ClCompile>
    <ClCompile Include="..\lib\session_pack.c">
      <Filter>Source Files\lib</Filter>
    </ClCompile>
    <ClCompile Include="..\lib\srp.c">
      <Filter>Source Files\lib</Filter>
    </ClCompile>
    <ClCompile Include="..\lib\sslv2_compat.c">
      <Filter>Source Files\lib</Filter>
    </ClCompile>
    <ClCompile Include="..\lib\state.c">
      <Filter>Source Files\lib</Filter>
    </ClCompile>
    <ClCompile Include="..\lib\str.c">
      <Filter>Source Files\lib</Filter>
    </ClCompile>
    <ClCompile Include="..\lib\str-iconv.c">
      <Filter>Source Files\lib</Filter>
    </ClCompile>
    <ClCompile Include="..\lib\str-idna.c">
      <Filter>Source Files\lib</Filter>
    </ClCompile>
    <ClCompile Include="..\lib\str-unicode.c">
      <Filter>Source Files\lib</Filter>
    </ClCompile>
    <ClCompile Include="..\lib\supplemental.c">
      <Filter>Source Files\lib</Filter>
    </ClCompile>
    <ClCompile Include="..\lib\system.c">
      <Filter>Source Files\lib</Filter>
    </ClCompile>
    <ClCompile Include="..\lib\system\certs.c">
      <Filter>Source Files\lib\system</Filter>
    </ClCompile>
    <ClCompile Include="..\lib\system\fastopen.c">
      <Filter>Source Files\lib\system</Filter>
    </ClCompile>
    <ClCompile Include="..\lib\system\inet_ntop.c">
      <Filter>Source Files\lib\system</Filter>
    </ClCompile>
    <ClCompile Include="..\lib\system\inet_pton.c">
      <Filter>Source Files\lib\system</Filter>
    </ClCompile>
    <ClCompile Include="..\lib\system\keys-win.c">
      <Filter>Source Files\lib\system</Filter>
    </ClCompile>
    <ClCompile Include="..\lib\system\sockets.c">
      <Filter>Source Files\lib\system</Filter>
    </ClCompile>
    <ClCompile Include="..\lib\system\threads.c">
      <Filter>Source Files\lib\system</Filter>
    </ClCompile>
    <ClCompile Include="..\lib\system\vasprintf.c">
      <Filter>Source Files\lib\system</Filter>
    </ClCompile>
    <ClCompile Include="..\lib\nettle\sysrng-windows.c">
      <Filter>Source Files\lib\nettle</Filter>
    </ClCompile>
    <ClCompile Include="..\lib\nettle\int\dsa-keygen-fips186.c">
      <Filter>Source Files\lib\nettle\int</Filter>
    </ClCompile>
    <ClCompile Include="..\lib\nettle\int\dsa-validate.c">
      <Filter>Source Files\lib\nettle\int</Filter>
    </ClCompile>
    <ClCompile Include="..\lib\nettle\int\provable-prime.c">
      <Filter>Source Files\lib\nettle\int</Filter>
    </ClCompile>
    <ClCompile Include="..\lib\nettle\int\rsa-keygen-fips186.c">
      <Filter>Source Files\lib\nettle\int</Filter>
    </ClCompile>
    <ClCompile Include="..\lib\openpgp\openpgp.c">
      <Filter>Source Files\lib\openpgp</Filter>
    </ClCompile>
    <ClCompile Include="..\lib\x509\ip.c">
      <Filter>Source Files\lib\x509</Filter>
    </ClCompile>
    <ClCompile Include="..\lib\x509\krb5.c">
      <Filter>Source Files\lib\x509</Filter>
    </ClCompile>
    <ClCompile Include="..\lib\x509\pkcs7-crypt.c">
      <Filter>Source Files\lib\x509</Filter>
    </ClCompile>
    <ClCompile Include="..\lib\x509\privkey_pkcs8_pbes1.c">
      <Filter>Source Files\lib\x509</Filter>
    </ClCompile>
    <ClCompile Include="..\lib\x509\tls_features.c">
      <Filter>Source Files\lib\x509</Filter>
    </ClCompile>
    <ClCompile Include="..\lib\x509\virt-san.c">
      <Filter>Source Files\lib\x509</Filter>
    </ClCompile>
    <ClCompile Include="..\lib\unistring\unictype\categ_Sm.c">
      <Filter>Source Files\lib\unistring\unictype</Filter>
    </ClCompile>
    <ClCompile Include="..\lib\unistring\unictype\categ_So.c">
      <Filter>Source Files\lib\unistring\unictype</Filter>
    </ClCompile>
    <ClCompile Include="..\lib\unistring\unictype\categ_test.c">
      <Filter>Source Files\lib\unistring\unictype</Filter>
    </ClCompile>
    <ClCompile Include="..\lib\unistring\unictype\categ_Z.c">
      <Filter>Source Files\lib\unistring\unictype</Filter>
    </ClCompile>
    <ClCompile Include="..\lib\unistring\unictype\categ_Zl.c">
      <Filter>Source Files\lib\unistring\unictype</Filter>
    </ClCompile>
    <ClCompile Include="..\lib\unistring\unictype\categ_Zp.c">
      <Filter>Source Files\lib\unistring\unictype</Filter>
    </ClCompile>
    <ClCompile Include="..\lib\unistring\unictype\categ_Zs.c">
      <Filter>Source Files\lib\unistring\unictype</Filter>
    </ClCompile>
    <ClCompile Include="..\lib\unistring\unictype\combiningclass.c">
      <Filter>Source Files\lib\unistring\unictype</Filter>
    </ClCompile>
    <ClCompile Include="..\lib\unistring\unictype\pr_default_ignorable_code_point.c">
      <Filter>Source Files\lib\unistring\unictype</Filter>
    </ClCompile>
    <ClCompile Include="..\lib\unistring\unictype\pr_join_control.c">
      <Filter>Source Files\lib\unistring\unictype</Filter>
    </ClCompile>
    <ClCompile Include="..\lib\unistring\unictype\pr_not_a_character.c">
      <Filter>Source Files\lib\unistring\unictype</Filter>
    </ClCompile>
    <ClCompile Include="..\lib\unistring\unictype\categ_and.c">
      <Filter>Source Files\lib\unistring\unictype</Filter>
    </ClCompile>
    <ClCompile Include="..\lib\unistring\unictype\categ_and_not.c">
      <Filter>Source Files\lib\unistring\unictype</Filter>
    </ClCompile>
    <ClCompile Include="..\lib\unistring\unictype\categ_byname.c">
      <Filter>Source Files\lib\unistring\unictype</Filter>
    </ClCompile>
    <ClCompile Include="..\lib\unistring\unictype\categ_C.c">
      <Filter>Source Files\lib\unistring\unictype</Filter>
    </ClCompile>
    <ClCompile Include="..\lib\unistring\unictype\categ_Cc.c">
      <Filter>Source Files\lib\unistring\unictype</Filter>
    </ClCompile>
    <ClCompile Include="..\lib\unistring\unictype\categ_Cf.c">
      <Filter>Source Files\lib\unistring\unictype</Filter>
    </ClCompile>
    <ClCompile Include="..\lib\unistring\unictype\categ_Cn.c">
      <Filter>Source Files\lib\unistring\unictype</Filter>
    </ClCompile>
    <ClCompile Include="..\lib\unistring\unictype\categ_Co.c">
      <Filter>Source Files\lib\unistring\unictype</Filter>
    </ClCompile>
    <ClCompile Include="..\lib\unistring\unictype\categ_Cs.c">
      <Filter>Source Files\lib\unistring\unictype</Filter>
    </ClCompile>
    <ClCompile Include="..\lib\unistring\unictype\categ_L.c">
      <Filter>Source Files\lib\unistring\unictype</Filter>
    </ClCompile>
    <ClCompile Include="..\lib\unistring\unictype\categ_LC.c">
      <Filter>Source Files\lib\unistring\unictype</Filter>
    </ClCompile>
    <ClCompile Include="..\lib\unistring\unictype\categ_Ll.c">
      <Filter>Source Files\lib\unistring\unictype</Filter>
    </ClCompile>
    <ClCompile Include="..\lib\unistring\unictype\categ_Lm.c">
      <Filter>Source Files\lib\unistring\unictype</Filter>
    </ClCompile>
    <ClCompile Include="..\lib\unistring\unictype\categ_Lo.c">
      <Filter>Source Files\lib\unistring\unictype</Filter>
    </ClCompile>
    <ClCompile Include="..\lib\unistring\unictype\categ_longname.c">
      <Filter>Source Files\lib\unistring\unictype</Filter>
    </ClCompile>
    <ClCompile Include="..\lib\unistring\unictype\categ_Lt.c">
      <Filter>Source Files\lib\unistring\unictype</Filter>
    </ClCompile>
    <ClCompile Include="..\lib\unistring\unictype\categ_Lu.c">
      <Filter>Source Files\lib\unistring\unictype</Filter>
    </ClCompile>
    <ClCompile Include="..\lib\unistring\unictype\categ_M.c">
      <Filter>Source Files\lib\unistring\unictype</Filter>
    </ClCompile>
    <ClCompile Include="..\lib\unistring\unictype\categ_Mc.c">
      <Filter>Source Files\lib\unistring\unictype</Filter>
    </ClCompile>
    <ClCompile Include="..\lib\unistring\unictype\categ_Me.c">
      <Filter>Source Files\lib\unistring\unictype</Filter>
    </ClCompile>
    <ClCompile Include="..\lib\unistring\unictype\categ_Mn.c">
      <Filter>Source Files\lib\unistring\unictype</Filter>
    </ClCompile>
    <ClCompile Include="..\lib\unistring\unictype\categ_N.c">
      <Filter>Source Files\lib\unistring\unictype</Filter>
    </ClCompile>
    <ClCompile Include="..\lib\unistring\unictype\categ_name.c">
      <Filter>Source Files\lib\unistring\unictype</Filter>
    </ClCompile>
    <ClCompile Include="..\lib\unistring\unictype\categ_Nd.c">
      <Filter>Source Files\lib\unistring\unictype</Filter>
    </ClCompile>
    <ClCompile Include="..\lib\unistring\unictype\categ_Nl.c">
      <Filter>Source Files\lib\unistring\unictype</Filter>
    </ClCompile>
    <ClCompile Include="..\lib\unistring\unictype\categ_No.c">
      <Filter>Source Files\lib\unistring\unictype</Filter>
    </ClCompile>
    <ClCompile Include="..\lib\unistring\unictype\categ_none.c">
      <Filter>Source Files\lib\unistring\unictype</Filter>
    </ClCompile>
    <ClCompile Include="..\lib\unistring\unictype\categ_of.c">
      <Filter>Source Files\lib\unistring\unictype</Filter>
    </ClCompile>
    <ClCompile Include="..\lib\unistring\unictype\categ_or.c">
      <Filter>Source Files\lib\unistring\unictype</Filter>
    </ClCompile>
    <ClCompile Include="..\lib\unistring\unictype\categ_P.c">
      <Filter>Source Files\lib\unistring\unictype</Filter>
    </ClCompile>
    <ClCompile Include="..\lib\unistring\unictype\categ_Pc.c">
      <Filter>Source Files\lib\unistring\unictype</Filter>
    </ClCompile>
    <ClCompile Include="..\lib\unistring\unictype\categ_Pd.c">
      <Filter>Source Files\lib\unistring\unictype</Filter>
    </ClCompile>
    <ClCompile Include="..\lib\unistring\unictype\categ_Pe.c">
      <Filter>Source Files\lib\unistring\unictype</Filter>
    </ClCompile>
    <ClCompile Include="..\lib\unistring\unictype\categ_Pf.c">
      <Filter>Source Files\lib\unistring\unictype</Filter>
    </ClCompile>
    <ClCompile Include="..\lib\unistring\unictype\categ_Pi.c">
      <Filter>Source Files\lib\unistring\unictype</Filter>
    </ClCompile>
    <ClCompile Include="..\lib\unistring\unictype\categ_Po.c">
      <Filter>Source Files\lib\unistring\unictype</Filter>
    </ClCompile>
    <ClCompile Include="..\lib\unistring\unictype\categ_Ps.c">
      <Filter>Source Files\lib\unistring\unictype</Filter>
    </ClCompile>
    <ClCompile Include="..\lib\unistring\unictype\categ_S.c">
      <Filter>Source Files\lib\unistring\unictype</Filter>
    </ClCompile>
    <ClCompile Include="..\lib\unistring\unictype\categ_Sc.c">
      <Filter>Source Files\lib\unistring\unictype</Filter>
    </ClCompile>
    <ClCompile Include="..\lib\unistring\unictype\categ_Sk.c">
      <Filter>Source Files\lib\unistring\unictype</Filter>
    </ClCompile>
    <ClCompile Include="..\lib\unistring\uninorm\u32-normalize.c">
      <Filter>Source Files\lib\unistring\uninorm</Filter>
    </ClCompile>
    <ClCompile Include="..\lib\unistring\uninorm\canonical-decomposition.c">
      <Filter>Source Files\lib\unistring\uninorm</Filter>
    </ClCompile>
    <ClCompile Include="..\lib\unistring\uninorm\compat-decomposition.c">
      <Filter>Source Files\lib\unistring\uninorm</Filter>
    </ClCompile>
    <ClCompile Include="..\lib\unistring\uninorm\composition.c">
      <Filter>Source Files\lib\unistring\uninorm</Filter>
    </ClCompile>
    <ClCompile Include="..\lib\unistring\uninorm\decompose-internal.c">
      <Filter>Source Files\lib\unistring\uninorm</Filter>
    </ClCompile>
    <ClCompile Include="..\lib\unistring\uninorm\decomposition.c">
      <Filter>Source Files\lib\unistring\uninorm</Filter>
    </ClCompile>
    <ClCompile Include="..\lib\unistring\uninorm\decomposition-table.c">
      <Filter>Source Files\lib\unistring\uninorm</Filter>
    </ClCompile>
    <ClCompile Include="..\lib\unistring\uninorm\nfc.c">
      <Filter>Source Files\lib\unistring\uninorm</Filter>
    </ClCompile>
    <ClCompile Include="..\lib\unistring\uninorm\nfd.c">
      <Filter>Source Files\lib\unistring\uninorm</Filter>
    </ClCompile>
    <ClCompile Include="..\lib\unistring\uninorm\nfkc.c">
      <Filter>Source Files\lib\unistring\uninorm</Filter>
    </ClCompile>
    <ClCompile Include="..\lib\unistring\uninorm\nfkd.c">
      <Filter>Source Files\lib\unistring\uninorm</Filter>
    </ClCompile>
    <ClCompile Include="..\lib\unistring\uninorm\u8-normalize.c">
      <Filter>Source Files\lib\unistring\uninorm</Filter>
    </ClCompile>
    <ClCompile Include="..\lib\unistring\uninorm\u16-normalize.c">
      <Filter>Source Files\lib\unistring\uninorm</Filter>
    </ClCompile>
    <ClCompile Include="..\lib\unistring\unistr\u8-mbtouc-unsafe-aux.c">
      <Filter>Source Files\lib\unistring\unistr</Filter>
    </ClCompile>
    <ClCompile Include="..\lib\unistring\unistr\u8-to-u16.c">
      <Filter>Source Files\lib\unistring\unistr</Filter>
    </ClCompile>
    <ClCompile Include="..\lib\unistring\unistr\u8-to-u32.c">
      <Filter>Source Files\lib\unistring\unistr</Filter>
    </ClCompile>
    <ClCompile Include="..\lib\unistring\unistr\u8-uctomb.c">
      <Filter>Source Files\lib\unistring\unistr</Filter>
    </ClCompile>
    <ClCompile Include="..\lib\unistring\unistr\u8-uctomb-aux.c">
      <Filter>Source Files\lib\unistring\unistr</Filter>
    </ClCompile>
    <ClCompile Include="..\lib\unistring\unistr\u16-cpy.c">
      <Filter>Source Files\lib\unistring\unistr</Filter>
    </ClCompile>
    <ClCompile Include="..\lib\unistring\unistr\u16-mbtoucr.c">
      <Filter>Source Files\lib\unistring\unistr</Filter>
    </ClCompile>
    <ClCompile Include="..\lib\unistring\unistr\u16-mbtouc-unsafe.c">
      <Filter>Source Files\lib\unistring\unistr</Filter>
    </ClCompile>
    <ClCompile Include="..\lib\unistring\unistr\u16-mbtouc-unsafe-aux.c">
      <Filter>Source Files\lib\unistring\unistr</Filter>
    </ClCompile>
    <ClCompile Include="..\lib\unistring\unistr\u16-to-u8.c">
      <Filter>Source Files\lib\unistring\unistr</Filter>
    </ClCompile>
    <ClCompile Include="..\lib\unistring\unistr\u16-uctomb.c">
      <Filter>Source Files\lib\unistring\unistr</Filter>
    </ClCompile>
    <ClCompile Include="..\lib\unistring\unistr\u16-uctomb-aux.c">
      <Filter>Source Files\lib\unistring\unistr</Filter>
    </ClCompile>
    <ClCompile Include="..\lib\unistring\unistr\u32-cpy.c">
      <Filter>Source Files\lib\unistring\unistr</Filter>
    </ClCompile>
    <ClCompile Include="..\lib\unistring\unistr\u32-mbtouc-unsafe.c">
      <Filter>Source Files\lib\unistring\unistr</Filter>
    </ClCompile>
    <ClCompile Include="..\lib\unistring\unistr\u32-to-u8.c">
      <Filter>Source Files\lib\unistring\unistr</Filter>
    </ClCompile>
    <ClCompile Include="..\lib\unistring\unistr\u32-uctomb.c">
      <Filter>Source Files\lib\unistring\unistr</Filter>
    </ClCompile>
    <ClCompile Include="..\lib\unistring\unistr\u8-check.c">
      <Filter>Source Files\lib\unistring\unistr</Filter>
    </ClCompile>
    <ClCompile Include="..\lib\unistring\unistr\u8-cpy.c">
      <Filter>Source Files\lib\unistring\unistr</Filter>
    </ClCompile>
    <ClCompile Include="..\lib\unistring\unistr\u8-mbtoucr.c">
      <Filter>Source Files\lib\unistring\unistr</Filter>
    </ClCompile>
    <ClCompile Include="..\lib\unistring\unistr\u8-mbtouc-unsafe.c">
      <Filter>Source Files\lib\unistring\unistr</Filter>
    </ClCompile>
    <ClCompile Include="..\lib\x509\time.c">
      <Filter>Source Files\lib\x509</Filter>
    </ClCompile>
    <ClCompile Include="..\lib\openpgp_compat.c">
      <Filter>Source Files\lib</Filter>
    </ClCompile>
    <ClCompile Include="..\lib\x509\attributes.c">
      <Filter>Source Files\lib\x509</Filter>
    </ClCompile>
    <ClCompile Include="..\lib\x509\prov-seed.c">
      <Filter>Source Files\lib\x509</Filter>
    </ClCompile>
  </ItemGroup>
  <ItemGroup>
    <None Include="libgnutls.def">
      <Filter>Resource Files</Filter>
    </None>
  </ItemGroup>
  <ItemGroup>
    <YASM Include="lib\accelerated\x86\coff\aesni-gcm-x86_64.asm">
      <Filter>Source Files\lib\accelerated\x86\coff</Filter>
    </YASM>
    <YASM Include="lib\accelerated\x86\coff\aesni-x86.asm">
      <Filter>Source Files\lib\accelerated\x86\coff</Filter>
    </YASM>
    <YASM Include="lib\accelerated\x86\coff\aesni-x86_64.asm">
      <Filter>Source Files\lib\accelerated\x86\coff</Filter>
    </YASM>
    <YASM Include="lib\accelerated\x86\coff\aes-ssse3-x86.asm">
      <Filter>Source Files\lib\accelerated\x86\coff</Filter>
    </YASM>
    <YASM Include="lib\accelerated\x86\coff\aes-ssse3-x86_64.asm">
      <Filter>Source Files\lib\accelerated\x86\coff</Filter>
    </YASM>
    <YASM Include="lib\accelerated\x86\coff\cpuid-x86.asm">
      <Filter>Source Files\lib\accelerated\x86\coff</Filter>
    </YASM>
    <YASM Include="lib\accelerated\x86\coff\cpuid-x86_64.asm">
      <Filter>Source Files\lib\accelerated\x86\coff</Filter>
    </YASM>
    <YASM Include="lib\accelerated\x86\coff\e_padlock-x86.asm">
      <Filter>Source Files\lib\accelerated\x86\coff</Filter>
    </YASM>
    <YASM Include="lib\accelerated\x86\coff\e_padlock-x86_64.asm">
      <Filter>Source Files\lib\accelerated\x86\coff</Filter>
    </YASM>
    <YASM Include="lib\accelerated\x86\coff\ghash-x86.asm">
      <Filter>Source Files\lib\accelerated\x86\coff</Filter>
    </YASM>
    <YASM Include="lib\accelerated\x86\coff\ghash-x86_64.asm">
      <Filter>Source Files\lib\accelerated\x86\coff</Filter>
    </YASM>
    <YASM Include="lib\accelerated\x86\coff\sha1-ssse3-x86.asm">
      <Filter>Source Files\lib\accelerated\x86\coff</Filter>
    </YASM>
    <YASM Include="lib\accelerated\x86\coff\sha1-ssse3-x86_64.asm">
      <Filter>Source Files\lib\accelerated\x86\coff</Filter>
    </YASM>
    <YASM Include="lib\accelerated\x86\coff\sha256-ssse3-x86.asm">
      <Filter>Source Files\lib\accelerated\x86\coff</Filter>
    </YASM>
    <YASM Include="lib\accelerated\x86\coff\sha256-ssse3-x86_64.asm">
      <Filter>Source Files\lib\accelerated\x86\coff</Filter>
    </YASM>
  </ItemGroup>
</Project>